// !$*UTF8*$!
{
	archiveVersion = 1;
	classes = {
	};
	objectVersion = 63;
	objects = {

/* Begin PBXBuildFile section */
		03046E482E1311AD0024AD46 /* Genre.swift in Sources */ = {isa = PBXBuildFile; fileRef = 03046E472E1311AD0024AD46 /* Genre.swift */; };
		03046E4A2E1315A40024AD46 /* Genre+Preview.swift in Sources */ = {isa = PBXBuildFile; fileRef = 03046E492E1315A40024AD46 /* Genre+Preview.swift */; };
		03046E4C2E13202D0024AD46 /* GenreDetailView.swift in Sources */ = {isa = PBXBuildFile; fileRef = 03046E4B2E13202D0024AD46 /* GenreDetailView.swift */; };
		030599722E1EF9AC00626215 /* DiscoverViewModel.swift in Sources */ = {isa = PBXBuildFile; fileRef = 030599712E1EF9AC00626215 /* DiscoverViewModel.swift */; };
		030599742E1F04DA00626215 /* DiscoverView.swift in Sources */ = {isa = PBXBuildFile; fileRef = 030599732E1F04DA00626215 /* DiscoverView.swift */; };
		030599782E1F051100626215 /* PreviewFactory+Discover.swift in Sources */ = {isa = PBXBuildFile; fileRef = 030599772E1F051100626215 /* PreviewFactory+Discover.swift */; };
		0305997A2E1F05A500626215 /* DiscoverView+Previews.swift in Sources */ = {isa = PBXBuildFile; fileRef = 030599792E1F05A500626215 /* DiscoverView+Previews.swift */; };
		0305997C2E1F07F300626215 /* DiscoverSortMenu.swift in Sources */ = {isa = PBXBuildFile; fileRef = 0305997B2E1F07F300626215 /* DiscoverSortMenu.swift */; };
		0305997E2E1F080F00626215 /* DiscoverContentView.swift in Sources */ = {isa = PBXBuildFile; fileRef = 0305997D2E1F080F00626215 /* DiscoverContentView.swift */; };
		030599802E1F082D00626215 /* DiscoverSortMenu+Previews.swift in Sources */ = {isa = PBXBuildFile; fileRef = 0305997F2E1F082D00626215 /* DiscoverSortMenu+Previews.swift */; };
		030599822E1F086100626215 /* DiscoverContentView+Previews.swift in Sources */ = {isa = PBXBuildFile; fileRef = 030599812E1F086100626215 /* DiscoverContentView+Previews.swift */; };
		030599842E1F0C5000626215 /* SortOption.swift in Sources */ = {isa = PBXBuildFile; fileRef = 030599832E1F0C5000626215 /* SortOption.swift */; };
		030612292DF4BEB40013F7AF /* Assets.xcassets in Resources */ = {isa = PBXBuildFile; fileRef = 030612242DF4BEB40013F7AF /* Assets.xcassets */; };
		0306122B2DF4BEB40013F7AF /* CineMateApp.swift in Sources */ = {isa = PBXBuildFile; fileRef = 030612252DF4BEB40013F7AF /* CineMateApp.swift */; };
		030612342DF4BF4E0013F7AF /* Movie.swift in Sources */ = {isa = PBXBuildFile; fileRef = 030612332DF4BF4E0013F7AF /* Movie.swift */; };
		030612472DF4C05C0013F7AF /* SecretManager.swift in Sources */ = {isa = PBXBuildFile; fileRef = 030612462DF4C05C0013F7AF /* SecretManager.swift */; };
		030612492DF4C07F0013F7AF /* TMDBService.swift in Sources */ = {isa = PBXBuildFile; fileRef = 030612482DF4C07F0013F7AF /* TMDBService.swift */; };
		0306124B2DF4C3BE0013F7AF /* MovieProtocol.swift in Sources */ = {isa = PBXBuildFile; fileRef = 0306124A2DF4C3BE0013F7AF /* MovieProtocol.swift */; };
		0306124D2DF4C3DF0013F7AF /* MovieRepository.swift in Sources */ = {isa = PBXBuildFile; fileRef = 0306124C2DF4C3DF0013F7AF /* MovieRepository.swift */; };
		0306124F2DF4C7960013F7AF /* MovieViewModel.swift in Sources */ = {isa = PBXBuildFile; fileRef = 0306124E2DF4C7960013F7AF /* MovieViewModel.swift */; };
		030612632DF4CD5F0013F7AF /* MovieRowView.swift in Sources */ = {isa = PBXBuildFile; fileRef = 030612622DF4CD5F0013F7AF /* MovieRowView.swift */; };
		030612652DF4CDAD0013F7AF /* PreviewData.swift in Sources */ = {isa = PBXBuildFile; fileRef = 030612642DF4CDAD0013F7AF /* PreviewData.swift */; };
		030612672DF4E5800013F7AF /* MovieListView.swift in Sources */ = {isa = PBXBuildFile; fileRef = 030612662DF4E5800013F7AF /* MovieListView.swift */; };
		030BC5452DFB604A00D1F96F /* MovieVideo.swift in Sources */ = {isa = PBXBuildFile; fileRef = 030BC5442DFB604A00D1F96F /* MovieVideo.swift */; };
		030BC5482DFB6E9F00D1F96F /* Movie+TrailerURL.swift in Sources */ = {isa = PBXBuildFile; fileRef = 030BC5472DFB6E9F00D1F96F /* Movie+TrailerURL.swift */; };
		030BC54A2DFB6ECB00D1F96F /* TrailerHelper.swift in Sources */ = {isa = PBXBuildFile; fileRef = 030BC5492DFB6ECB00D1F96F /* TrailerHelper.swift */; };
		030CA7A72DF8CADA00771212 /* MovieDetailInfoView.swift in Sources */ = {isa = PBXBuildFile; fileRef = 030CA7A62DF8CADA00771212 /* MovieDetailInfoView.swift */; };
		030E469E2DFDA7DD00285FE7 /* Secrets.example.plist in Resources */ = {isa = PBXBuildFile; fileRef = 030E469D2DFDA7DD00285FE7 /* Secrets.example.plist */; };
		031392032E1AAA0F0047ED6B /* PreviewFactory+Search.swift in Sources */ = {isa = PBXBuildFile; fileRef = 031392022E1AAA0F0047ED6B /* PreviewFactory+Search.swift */; };
		031392052E1AAA310047ED6B /* PreviewFactory+Account.swift in Sources */ = {isa = PBXBuildFile; fileRef = 031392042E1AAA310047ED6B /* PreviewFactory+Account.swift */; };
		031392072E1B11CA0047ED6B /* SearchBarView.swift in Sources */ = {isa = PBXBuildFile; fileRef = 031392062E1B11CA0047ED6B /* SearchBarView.swift */; };
		031392092E1B127E0047ED6B /* LoadingView.swift in Sources */ = {isa = PBXBuildFile; fileRef = 031392082E1B127E0047ED6B /* LoadingView.swift */; };
		0313920B2E1B12960047ED6B /* ErrorMessageView.swift in Sources */ = {isa = PBXBuildFile; fileRef = 0313920A2E1B12960047ED6B /* ErrorMessageView.swift */; };
		0313920D2E1B12A90047ED6B /* EmptyResultsView.swift in Sources */ = {isa = PBXBuildFile; fileRef = 0313920C2E1B12A90047ED6B /* EmptyResultsView.swift */; };
		0313920F2E1B12CB0047ED6B /* SearchResultsList.swift in Sources */ = {isa = PBXBuildFile; fileRef = 0313920E2E1B12CB0047ED6B /* SearchResultsList.swift */; };
		031E9A9E2E19B87F0027BC31 /* FavoriteMoviesViewModel.swift in Sources */ = {isa = PBXBuildFile; fileRef = 031E9A9D2E19B87F0027BC31 /* FavoriteMoviesViewModel.swift */; };
		031E9AA02E19B9B20027BC31 /* FavoriteMoviesView+Previews.swift in Sources */ = {isa = PBXBuildFile; fileRef = 031E9A9F2E19B9B20027BC31 /* FavoriteMoviesView+Previews.swift */; };
		031E9AA22E19C34E0027BC31 /* PreviewFactory+Favorites.swift in Sources */ = {isa = PBXBuildFile; fileRef = 031E9AA12E19C34E0027BC31 /* PreviewFactory+Favorites.swift */; };
		031E9AA42E19D0B60027BC31 /* SearchViewModel.swift in Sources */ = {isa = PBXBuildFile; fileRef = 031E9AA32E19D0B60027BC31 /* SearchViewModel.swift */; };
		031E9AA62E19D0F40027BC31 /* AccountViewModel.swift in Sources */ = {isa = PBXBuildFile; fileRef = 031E9AA52E19D0F40027BC31 /* AccountViewModel.swift */; };
		031E9AA82E19D1150027BC31 /* SearchView+Previews.swift in Sources */ = {isa = PBXBuildFile; fileRef = 031E9AA72E19D1150027BC31 /* SearchView+Previews.swift */; };
		031E9AAA2E19D1550027BC31 /* AccountView+Previews.swift in Sources */ = {isa = PBXBuildFile; fileRef = 031E9AA92E19D1550027BC31 /* AccountView+Previews.swift */; };
		031F2E302E0DD2DF001E41B8 /* PersonMovieCardView.swift in Sources */ = {isa = PBXBuildFile; fileRef = 031F2E2F2E0DD2DF001E41B8 /* PersonMovieCardView.swift */; };
		031F2E322E0DD34C001E41B8 /* ExpandMoreCardView.swift in Sources */ = {isa = PBXBuildFile; fileRef = 031F2E312E0DD34C001E41B8 /* ExpandMoreCardView.swift */; };
		031F2E342E0DD735001E41B8 /* ExpandToggleButton.swift in Sources */ = {isa = PBXBuildFile; fileRef = 031F2E332E0DD735001E41B8 /* ExpandToggleButton.swift */; };
		031F2E362E0DDFDE001E41B8 /* TMDBImageHelper.swift in Sources */ = {isa = PBXBuildFile; fileRef = 031F2E352E0DDFDE001E41B8 /* TMDBImageHelper.swift */; };
		033277E92E15BCC700E5A226 /* WatchProviderCategoryPicker.swift in Sources */ = {isa = PBXBuildFile; fileRef = 033277E82E15BCC700E5A226 /* WatchProviderCategoryPicker.swift */; };
		033277EB2E15BD1A00E5A226 /* WatchProviderListView.swift in Sources */ = {isa = PBXBuildFile; fileRef = 033277EA2E15BD1A00E5A226 /* WatchProviderListView.swift */; };
		033277ED2E15BD3500E5A226 /* WatchProviderItemView.swift in Sources */ = {isa = PBXBuildFile; fileRef = 033277EC2E15BD3500E5A226 /* WatchProviderItemView.swift */; };
		033277EF2E15BF5700E5A226 /* WatchProviderListView+Previews.swift in Sources */ = {isa = PBXBuildFile; fileRef = 033277EE2E15BF5700E5A226 /* WatchProviderListView+Previews.swift */; };
		033277F12E15BFBD00E5A226 /* WatchProviderItemView+Previews.swift in Sources */ = {isa = PBXBuildFile; fileRef = 033277F02E15BFBD00E5A226 /* WatchProviderItemView+Previews.swift */; };
		033277F52E15C15800E5A226 /* WatchProviderCategory.swift in Sources */ = {isa = PBXBuildFile; fileRef = 033277F42E15C15800E5A226 /* WatchProviderCategory.swift */; };
		033277F72E15C42900E5A226 /* WatchProviderCategoryButton.swift in Sources */ = {isa = PBXBuildFile; fileRef = 033277F62E15C42900E5A226 /* WatchProviderCategoryButton.swift */; };
		033277F92E15C4EC00E5A226 /* WatchProviderCategoryButton+Previews.swift in Sources */ = {isa = PBXBuildFile; fileRef = 033277F82E15C4EC00E5A226 /* WatchProviderCategoryButton+Previews.swift */; };
		033DE9762E0144B4009FB949 /* Secrets.plist in Resources */ = {isa = PBXBuildFile; fileRef = 033DE9752E0144B4009FB949 /* Secrets.plist */; };
		033DE9782E01FBFC009FB949 /* CastCarouselView.swift in Sources */ = {isa = PBXBuildFile; fileRef = 033DE9772E01FBFC009FB949 /* CastCarouselView.swift */; };
		033EC7592E1D511A00B0BE08 /* SearchError.swift in Sources */ = {isa = PBXBuildFile; fileRef = 033EC7582E1D511A00B0BE08 /* SearchError.swift */; };
		034AAEED2E00BA6600099259 /* TMDBEndpoint.swift in Sources */ = {isa = PBXBuildFile; fileRef = 034AAEEC2E00BA6600099259 /* TMDBEndpoint.swift */; };
		034AAEEF2E00BCD000099259 /* TMDBError.swift in Sources */ = {isa = PBXBuildFile; fileRef = 034AAEEE2E00BCD000099259 /* TMDBError.swift */; };
		0355ABCE2E107E11002E6F77 /* KnownForScrollView.swift in Sources */ = {isa = PBXBuildFile; fileRef = 0355ABCD2E107E11002E6F77 /* KnownForScrollView.swift */; };
		0355ABD02E1082D3002E6F77 /* PersonExternalIDs.swift in Sources */ = {isa = PBXBuildFile; fileRef = 0355ABCF2E1082D3002E6F77 /* PersonExternalIDs.swift */; };
		0356785A2E17E123005BEE57 /* CastMemberImageView+Previews.swift in Sources */ = {isa = PBXBuildFile; fileRef = 035678592E17E123005BEE57 /* CastMemberImageView+Previews.swift */; };
		0356785C2E17E259005BEE57 /* PersonMovieCardView+Previews.swift in Sources */ = {isa = PBXBuildFile; fileRef = 0356785B2E17E259005BEE57 /* PersonMovieCardView+Previews.swift */; };
		0356785E2E17E3F2005BEE57 /* PersonMetaInfoView+Previews.swift in Sources */ = {isa = PBXBuildFile; fileRef = 0356785D2E17E3F2005BEE57 /* PersonMetaInfoView+Previews.swift */; };
		035678602E17E522005BEE57 /* KnownForScrollView+Previews.swift in Sources */ = {isa = PBXBuildFile; fileRef = 0356785F2E17E522005BEE57 /* KnownForScrollView+Previews.swift */; };
		035678622E17E66A005BEE57 /* DirectorImageView+Previews.swift in Sources */ = {isa = PBXBuildFile; fileRef = 035678612E17E66A005BEE57 /* DirectorImageView+Previews.swift */; };
		0359A96E2E02E74B00818BD2 /* CastCarouselView+Previews.swift in Sources */ = {isa = PBXBuildFile; fileRef = 0359A96D2E02E74B00818BD2 /* CastCarouselView+Previews.swift */; };
		0359A9702E02E9EB00818BD2 /* CastMemberView.swift in Sources */ = {isa = PBXBuildFile; fileRef = 0359A96F2E02E9EB00818BD2 /* CastMemberView.swift */; };
		0359A9742E02EB1D00818BD2 /* CastMemberView+Previews.swift in Sources */ = {isa = PBXBuildFile; fileRef = 0359A9732E02EB1D00818BD2 /* CastMemberView+Previews.swift */; };
		0359A9762E02EB7900818BD2 /* CastMoreButtonView.swift in Sources */ = {isa = PBXBuildFile; fileRef = 0359A9752E02EB7900818BD2 /* CastMoreButtonView.swift */; };
		0359A97A2E02F17400818BD2 /* PreviewStyle.swift in Sources */ = {isa = PBXBuildFile; fileRef = 0359A9792E02F17400818BD2 /* PreviewStyle.swift */; };
		0359A97D2E03488000818BD2 /* CastViewModel.swift in Sources */ = {isa = PBXBuildFile; fileRef = 0359A97C2E03488000818BD2 /* CastViewModel.swift */; };
		03652CE52DFC56830031DCAD /* MovieDetail.swift in Sources */ = {isa = PBXBuildFile; fileRef = 03652CE42DFC56830031DCAD /* MovieDetail.swift */; };
		03668ABB2DFBB01400132847 /* RelatedMovieCardView.swift in Sources */ = {isa = PBXBuildFile; fileRef = 03668ABA2DFBB01400132847 /* RelatedMovieCardView.swift */; };
		03668ABD2DFBB0FE00132847 /* RelatedMoviesSection.swift in Sources */ = {isa = PBXBuildFile; fileRef = 03668ABC2DFBB0FE00132847 /* RelatedMoviesSection.swift */; };
		03668ABF2DFBB19000132847 /* FavoriteButton.swift in Sources */ = {isa = PBXBuildFile; fileRef = 03668ABE2DFBB19000132847 /* FavoriteButton.swift */; };
		0368AF902DF58064009B1F56 /* PosterImageView.swift in Sources */ = {isa = PBXBuildFile; fileRef = 0368AF8F2DF58064009B1F56 /* PosterImageView.swift */; };
		0368AF922DF5BB3C009B1F56 /* MovieRowDetails.swift in Sources */ = {isa = PBXBuildFile; fileRef = 0368AF912DF5BB3C009B1F56 /* MovieRowDetails.swift */; };
		0368AF942DF5BFB1009B1F56 /* MovieRowView+Previews.swift in Sources */ = {isa = PBXBuildFile; fileRef = 0368AF932DF5BFB1009B1F56 /* MovieRowView+Previews.swift */; };
		0368AFC12DF61333009B1F56 /* MovieCategory.swift in Sources */ = {isa = PBXBuildFile; fileRef = 0368AFC02DF61333009B1F56 /* MovieCategory.swift */; };
		0368AFC32DF61FA3009B1F56 /* MovieCategoryPicker.swift in Sources */ = {isa = PBXBuildFile; fileRef = 0368AFC22DF61FA3009B1F56 /* MovieCategoryPicker.swift */; };
		0368AFC52DF62312009B1F56 /* MovieListContentView.swift in Sources */ = {isa = PBXBuildFile; fileRef = 0368AFC42DF62312009B1F56 /* MovieListContentView.swift */; };
		0368AFC72DF62A7A009B1F56 /* MockMovieRepository.swift in Sources */ = {isa = PBXBuildFile; fileRef = 0368AFC62DF62A7A009B1F56 /* MockMovieRepository.swift */; };
		0381F4D32DFA261400AC2ABB /* MovieGenresView.swift in Sources */ = {isa = PBXBuildFile; fileRef = 0381F4D22DFA261400AC2ABB /* MovieGenresView.swift */; };
		0384BD6D2E11318D00790AA5 /* PersonLinksView+Previews.swift in Sources */ = {isa = PBXBuildFile; fileRef = 0384BD6C2E11318D00790AA5 /* PersonLinksView+Previews.swift */; };
		0384BD6F2E1177ED00790AA5 /* SocialLinkButtonView.swift in Sources */ = {isa = PBXBuildFile; fileRef = 0384BD6E2E1177ED00790AA5 /* SocialLinkButtonView.swift */; };
		038807D92DFCB4C2009DED36 /* MovieDetailActionBarView.swift in Sources */ = {isa = PBXBuildFile; fileRef = 038807D82DFCB4C2009DED36 /* MovieDetailActionBarView.swift */; };
		038C86E22E14190200247D61 /* WatchProviders.swift in Sources */ = {isa = PBXBuildFile; fileRef = 038C86E12E14190200247D61 /* WatchProviders.swift */; };
		03A620C62DF7782C00C075E8 /* MovieDetailView.swift in Sources */ = {isa = PBXBuildFile; fileRef = 03A620C52DF7782C00C075E8 /* MovieDetailView.swift */; };
		03B24AB12E1FFC380063D42C /* PreviewSupport.swift in Sources */ = {isa = PBXBuildFile; fileRef = 03B24AB02E1FFC380063D42C /* PreviewSupport.swift */; };
		03BCF91E2E14688300ADD1BF /* WatchProvidersView.swift in Sources */ = {isa = PBXBuildFile; fileRef = 03BCF91D2E14688300ADD1BF /* WatchProvidersView.swift */; };
		03BCF9202E14697100ADD1BF /* WatchProvidersView+Previews.swift in Sources */ = {isa = PBXBuildFile; fileRef = 03BCF91F2E14697100ADD1BF /* WatchProvidersView+Previews.swift */; };
		03BCF9222E1480B800ADD1BF /* WatchProviderRegion+Extensions.swift in Sources */ = {isa = PBXBuildFile; fileRef = 03BCF9212E1480B800ADD1BF /* WatchProviderRegion+Extensions.swift */; };
		03C016262DFA062E0028F421 /* MovieCreditsView.swift in Sources */ = {isa = PBXBuildFile; fileRef = 03C016252DFA062E0028F421 /* MovieCreditsView.swift */; };
		03C016292DFA1ED20028F421 /* MovieShareItem.swift in Sources */ = {isa = PBXBuildFile; fileRef = 03C016282DFA1ED20028F421 /* MovieShareItem.swift */; };
		03C0162B2DFA1EF80028F421 /* ShareHelper.swift in Sources */ = {isa = PBXBuildFile; fileRef = 03C0162A2DFA1EF80028F421 /* ShareHelper.swift */; };
		03C1CC512E1DA4170021ECC2 /* SearchPromptView.swift in Sources */ = {isa = PBXBuildFile; fileRef = 03C1CC502E1DA4170021ECC2 /* SearchPromptView.swift */; };
		03C457092E0C83F900A48D2C /* PersonMovieCredit.swift in Sources */ = {isa = PBXBuildFile; fileRef = 03C457082E0C83F900A48D2C /* PersonMovieCredit.swift */; };
		03C4570B2E0C8B9400A48D2C /* BiographyView.swift in Sources */ = {isa = PBXBuildFile; fileRef = 03C4570A2E0C8B9400A48D2C /* BiographyView.swift */; };
		03C4570D2E0C8E8A00A48D2C /* HorizontalMoviesScrollView.swift in Sources */ = {isa = PBXBuildFile; fileRef = 03C4570C2E0C8E8A00A48D2C /* HorizontalMoviesScrollView.swift */; };
		03CB4AA62E1873E60080EE84 /* MainTabView.swift in Sources */ = {isa = PBXBuildFile; fileRef = 03CB4AA52E1873E60080EE84 /* MainTabView.swift */; };
		03CB4AA82E1875800080EE84 /* MainTabView+Previews.swift in Sources */ = {isa = PBXBuildFile; fileRef = 03CB4AA72E1875800080EE84 /* MainTabView+Previews.swift */; };
		03CB4AAA2E18761C0080EE84 /* FavoriteMoviesView.swift in Sources */ = {isa = PBXBuildFile; fileRef = 03CB4AA92E18761C0080EE84 /* FavoriteMoviesView.swift */; };
		03CB4AAC2E1876390080EE84 /* SearchView.swift in Sources */ = {isa = PBXBuildFile; fileRef = 03CB4AAB2E1876390080EE84 /* SearchView.swift */; };
		03CB4AAE2E1876500080EE84 /* AccountView.swift in Sources */ = {isa = PBXBuildFile; fileRef = 03CB4AAD2E1876500080EE84 /* AccountView.swift */; };
		03CE4A422E0F214F00D70F70 /* PersonMetaInfoView.swift in Sources */ = {isa = PBXBuildFile; fileRef = 03CE4A412E0F214F00D70F70 /* PersonMetaInfoView.swift */; };
		03CE4A442E0F246500D70F70 /* DateHelper.swift in Sources */ = {isa = PBXBuildFile; fileRef = 03CE4A432E0F246500D70F70 /* DateHelper.swift */; };
		03CE4A462E0F283800D70F70 /* SectionHeader.swift in Sources */ = {isa = PBXBuildFile; fileRef = 03CE4A452E0F283800D70F70 /* SectionHeader.swift */; };
		03D8D29C2E08836F006A117D /* CastMemberImageView.swift in Sources */ = {isa = PBXBuildFile; fileRef = 03D8D29B2E08836E006A117D /* CastMemberImageView.swift */; };
		03D8D29E2E088509006A117D /* PersonInfoView.swift in Sources */ = {isa = PBXBuildFile; fileRef = 03D8D29D2E088509006A117D /* PersonInfoView.swift */; };
		03D8D2A02E088594006A117D /* PersonLinksView.swift in Sources */ = {isa = PBXBuildFile; fileRef = 03D8D29F2E088594006A117D /* PersonLinksView.swift */; };
		03D8D2A62E09DD08006A117D /* PreviewFactory.swift in Sources */ = {isa = PBXBuildFile; fileRef = 03D8D2A52E09DD08006A117D /* PreviewFactory.swift */; };
		03D8D2A82E09DF5B006A117D /* MovieDetailView+Previews.swift in Sources */ = {isa = PBXBuildFile; fileRef = 03D8D2A72E09DF5B006A117D /* MovieDetailView+Previews.swift */; };
		03D8D2AA2E09DFA8006A117D /* MovieDetailInfoView+Previews.swift in Sources */ = {isa = PBXBuildFile; fileRef = 03D8D2A92E09DFA8006A117D /* MovieDetailInfoView+Previews.swift */; };
		03D8D2AC2E09E072006A117D /* MovieCreditsView+Previews.swift in Sources */ = {isa = PBXBuildFile; fileRef = 03D8D2AB2E09E072006A117D /* MovieCreditsView+Previews.swift */; };
		03D8D2AE2E09ECC0006A117D /* RelatedMovieCardView+Previews.swift in Sources */ = {isa = PBXBuildFile; fileRef = 03D8D2AD2E09ECC0006A117D /* RelatedMovieCardView+Previews.swift */; };
		03D8D2B02E09ED3A006A117D /* MovieDetailActionBarView+Previews.swift in Sources */ = {isa = PBXBuildFile; fileRef = 03D8D2AF2E09ED3A006A117D /* MovieDetailActionBarView+Previews.swift */; };
		03D8D2B22E09EE1D006A117D /* RelatedMoviesSection+Previews.swift in Sources */ = {isa = PBXBuildFile; fileRef = 03D8D2B12E09EE1D006A117D /* RelatedMoviesSection+Previews.swift */; };
		03D8D2B42E09F1FF006A117D /* MovieListView+Previews.swift in Sources */ = {isa = PBXBuildFile; fileRef = 03D8D2B32E09F1FF006A117D /* MovieListView+Previews.swift */; };
		03DE96DE2E1BCF17005D71A8 /* SearchValidator.swift in Sources */ = {isa = PBXBuildFile; fileRef = 03DE96DD2E1BCF17005D71A8 /* SearchValidator.swift */; };
		03DE96E02E1BD818005D71A8 /* ValidationMessageView.swift in Sources */ = {isa = PBXBuildFile; fileRef = 03DE96DF2E1BD818005D71A8 /* ValidationMessageView.swift */; };
		03E3557E2DF9C060001F1001 /* MovieCredits.swift in Sources */ = {isa = PBXBuildFile; fileRef = 03E3557D2DF9C060001F1001 /* MovieCredits.swift */; };
		03E5BE892E09FDCC00D3C46B /* PosterImageView+Previews.swift in Sources */ = {isa = PBXBuildFile; fileRef = 03E5BE882E09FDCC00D3C46B /* PosterImageView+Previews.swift */; };
		03E5BE8B2E09FF4300D3C46B /* MovieRowDetails+Previews.swift in Sources */ = {isa = PBXBuildFile; fileRef = 03E5BE8A2E09FF4300D3C46B /* MovieRowDetails+Previews.swift */; };
		03E5BE8D2E09FFC700D3C46B /* FavoriteButton+Previews.swift in Sources */ = {isa = PBXBuildFile; fileRef = 03E5BE8C2E09FFC700D3C46B /* FavoriteButton+Previews.swift */; };
		03E8EF2D2E1C5DFD008EED19 /* SearchValidationResult+Message.swift in Sources */ = {isa = PBXBuildFile; fileRef = 03E8EF2C2E1C5DFD008EED19 /* SearchValidationResult+Message.swift */; };
		03F3AD8D2E11C1FA00B63AA2 /* ShareLinkButtonView.swift in Sources */ = {isa = PBXBuildFile; fileRef = 03F3AD8C2E11C1FA00B63AA2 /* ShareLinkButtonView.swift */; };
		03F3AD8F2E11C7B300B63AA2 /* DirectorView.swift in Sources */ = {isa = PBXBuildFile; fileRef = 03F3AD8E2E11C7B300B63AA2 /* DirectorView.swift */; };
		03F3AD912E11C8D300B63AA2 /* DirectorView+Preview.swift in Sources */ = {isa = PBXBuildFile; fileRef = 03F3AD902E11C8D300B63AA2 /* DirectorView+Preview.swift */; };
		03F3AD932E11DE9000B63AA2 /* DirectorImageView.swift in Sources */ = {isa = PBXBuildFile; fileRef = 03F3AD922E11DE9000B63AA2 /* DirectorImageView.swift */; };
		03F3AD952E11DF9A00B63AA2 /* DirectorUnavailableView.swift in Sources */ = {isa = PBXBuildFile; fileRef = 03F3AD942E11DF9A00B63AA2 /* DirectorUnavailableView.swift */; };
		03F3AD972E11E16500B63AA2 /* PersonInfoView+Previews.swift in Sources */ = {isa = PBXBuildFile; fileRef = 03F3AD962E11E16500B63AA2 /* PersonInfoView+Previews.swift */; };
		03F46FEE2E1DC237004C01F1 /* DiscoverFilter.swift in Sources */ = {isa = PBXBuildFile; fileRef = 03F46FED2E1DC237004C01F1 /* DiscoverFilter.swift */; };
		03FC25D82E06161100AACB5E /* MovieListContentView+Previews.swift in Sources */ = {isa = PBXBuildFile; fileRef = 03FC25D72E06161100AACB5E /* MovieListContentView+Previews.swift */; };
		03FC25DD2E06A24000AACB5E /* MovieViewModel+Preview.swift in Sources */ = {isa = PBXBuildFile; fileRef = 03FC25DC2E06A24000AACB5E /* MovieViewModel+Preview.swift */; };
		03FC25DF2E06A4D400AACB5E /* CastViewModel+Preview.swift in Sources */ = {isa = PBXBuildFile; fileRef = 03FC25DE2E06A4D400AACB5E /* CastViewModel+Preview.swift */; };
		03FC25E12E06E9CB00AACB5E /* CastMemberDetailView.swift in Sources */ = {isa = PBXBuildFile; fileRef = 03FC25E02E06E9CB00AACB5E /* CastMemberDetailView.swift */; };
		03FC25E32E06EAC300AACB5E /* CastMemberDetailView+Previews.swift in Sources */ = {isa = PBXBuildFile; fileRef = 03FC25E22E06EAC300AACB5E /* CastMemberDetailView+Previews.swift */; };
		03FE32342E07394C00C9B356 /* PersonDetail.swift in Sources */ = {isa = PBXBuildFile; fileRef = 03FE32332E07394C00C9B356 /* PersonDetail.swift */; };
		03FE32362E07414400C9B356 /* PersonViewModel+Preview.swift in Sources */ = {isa = PBXBuildFile; fileRef = 03FE32352E07414400C9B356 /* PersonViewModel+Preview.swift */; };
		03FE32382E07416900C9B356 /* PersonViewModel.swift in Sources */ = {isa = PBXBuildFile; fileRef = 03FE32372E07416900C9B356 /* PersonViewModel.swift */; };
/* End PBXBuildFile section */

/* Begin PBXFileReference section */
		03046E472E1311AD0024AD46 /* Genre.swift */ = {isa = PBXFileReference; lastKnownFileType = sourcecode.swift; path = Genre.swift; sourceTree = "<group>"; };
		03046E492E1315A40024AD46 /* Genre+Preview.swift */ = {isa = PBXFileReference; lastKnownFileType = sourcecode.swift; path = "Genre+Preview.swift"; sourceTree = "<group>"; };
		03046E4B2E13202D0024AD46 /* GenreDetailView.swift */ = {isa = PBXFileReference; lastKnownFileType = sourcecode.swift; path = GenreDetailView.swift; sourceTree = "<group>"; };
		030599712E1EF9AC00626215 /* DiscoverViewModel.swift */ = {isa = PBXFileReference; lastKnownFileType = sourcecode.swift; path = DiscoverViewModel.swift; sourceTree = "<group>"; };
		030599732E1F04DA00626215 /* DiscoverView.swift */ = {isa = PBXFileReference; lastKnownFileType = sourcecode.swift; path = DiscoverView.swift; sourceTree = "<group>"; };
		030599772E1F051100626215 /* PreviewFactory+Discover.swift */ = {isa = PBXFileReference; lastKnownFileType = sourcecode.swift; path = "PreviewFactory+Discover.swift"; sourceTree = "<group>"; };
		030599792E1F05A500626215 /* DiscoverView+Previews.swift */ = {isa = PBXFileReference; lastKnownFileType = sourcecode.swift; path = "DiscoverView+Previews.swift"; sourceTree = "<group>"; };
		0305997B2E1F07F300626215 /* DiscoverSortMenu.swift */ = {isa = PBXFileReference; lastKnownFileType = sourcecode.swift; path = DiscoverSortMenu.swift; sourceTree = "<group>"; };
		0305997D2E1F080F00626215 /* DiscoverContentView.swift */ = {isa = PBXFileReference; lastKnownFileType = sourcecode.swift; path = DiscoverContentView.swift; sourceTree = "<group>"; };
		0305997F2E1F082D00626215 /* DiscoverSortMenu+Previews.swift */ = {isa = PBXFileReference; lastKnownFileType = sourcecode.swift; path = "DiscoverSortMenu+Previews.swift"; sourceTree = "<group>"; };
		030599812E1F086100626215 /* DiscoverContentView+Previews.swift */ = {isa = PBXFileReference; lastKnownFileType = sourcecode.swift; path = "DiscoverContentView+Previews.swift"; sourceTree = "<group>"; };
		030599832E1F0C5000626215 /* SortOption.swift */ = {isa = PBXFileReference; lastKnownFileType = sourcecode.swift; path = SortOption.swift; sourceTree = "<group>"; };
		030612032DF4BA4B0013F7AF /* CineMate.app */ = {isa = PBXFileReference; explicitFileType = wrapper.application; includeInIndex = 0; path = CineMate.app; sourceTree = BUILT_PRODUCTS_DIR; };
		030612242DF4BEB40013F7AF /* Assets.xcassets */ = {isa = PBXFileReference; lastKnownFileType = folder.assetcatalog; path = Assets.xcassets; sourceTree = "<group>"; };
		030612252DF4BEB40013F7AF /* CineMateApp.swift */ = {isa = PBXFileReference; lastKnownFileType = sourcecode.swift; path = CineMateApp.swift; sourceTree = "<group>"; };
		030612332DF4BF4E0013F7AF /* Movie.swift */ = {isa = PBXFileReference; lastKnownFileType = sourcecode.swift; path = Movie.swift; sourceTree = "<group>"; };
		030612462DF4C05C0013F7AF /* SecretManager.swift */ = {isa = PBXFileReference; lastKnownFileType = sourcecode.swift; path = SecretManager.swift; sourceTree = "<group>"; };
		030612482DF4C07F0013F7AF /* TMDBService.swift */ = {isa = PBXFileReference; lastKnownFileType = sourcecode.swift; path = TMDBService.swift; sourceTree = "<group>"; };
		0306124A2DF4C3BE0013F7AF /* MovieProtocol.swift */ = {isa = PBXFileReference; lastKnownFileType = sourcecode.swift; path = MovieProtocol.swift; sourceTree = "<group>"; };
		0306124C2DF4C3DF0013F7AF /* MovieRepository.swift */ = {isa = PBXFileReference; lastKnownFileType = sourcecode.swift; path = MovieRepository.swift; sourceTree = "<group>"; };
		0306124E2DF4C7960013F7AF /* MovieViewModel.swift */ = {isa = PBXFileReference; lastKnownFileType = sourcecode.swift; path = MovieViewModel.swift; sourceTree = "<group>"; };
		030612622DF4CD5F0013F7AF /* MovieRowView.swift */ = {isa = PBXFileReference; lastKnownFileType = sourcecode.swift; path = MovieRowView.swift; sourceTree = "<group>"; };
		030612642DF4CDAD0013F7AF /* PreviewData.swift */ = {isa = PBXFileReference; lastKnownFileType = sourcecode.swift; path = PreviewData.swift; sourceTree = "<group>"; };
		030612662DF4E5800013F7AF /* MovieListView.swift */ = {isa = PBXFileReference; lastKnownFileType = sourcecode.swift; path = MovieListView.swift; sourceTree = "<group>"; };
		030BC5442DFB604A00D1F96F /* MovieVideo.swift */ = {isa = PBXFileReference; lastKnownFileType = sourcecode.swift; path = MovieVideo.swift; sourceTree = "<group>"; };
		030BC5462DFB6AA300D1F96F /* Info.plist */ = {isa = PBXFileReference; lastKnownFileType = text.plist.xml; path = Info.plist; sourceTree = "<group>"; };
		030BC5472DFB6E9F00D1F96F /* Movie+TrailerURL.swift */ = {isa = PBXFileReference; lastKnownFileType = sourcecode.swift; path = "Movie+TrailerURL.swift"; sourceTree = "<group>"; };
		030BC5492DFB6ECB00D1F96F /* TrailerHelper.swift */ = {isa = PBXFileReference; lastKnownFileType = sourcecode.swift; path = TrailerHelper.swift; sourceTree = "<group>"; };
		030CA7A62DF8CADA00771212 /* MovieDetailInfoView.swift */ = {isa = PBXFileReference; lastKnownFileType = sourcecode.swift; path = MovieDetailInfoView.swift; sourceTree = "<group>"; };
		030E469D2DFDA7DD00285FE7 /* Secrets.example.plist */ = {isa = PBXFileReference; lastKnownFileType = text.plist.xml; path = Secrets.example.plist; sourceTree = "<group>"; };
		031392022E1AAA0F0047ED6B /* PreviewFactory+Search.swift */ = {isa = PBXFileReference; lastKnownFileType = sourcecode.swift; path = "PreviewFactory+Search.swift"; sourceTree = "<group>"; };
		031392042E1AAA310047ED6B /* PreviewFactory+Account.swift */ = {isa = PBXFileReference; lastKnownFileType = sourcecode.swift; path = "PreviewFactory+Account.swift"; sourceTree = "<group>"; };
		031392062E1B11CA0047ED6B /* SearchBarView.swift */ = {isa = PBXFileReference; lastKnownFileType = sourcecode.swift; path = SearchBarView.swift; sourceTree = "<group>"; };
		031392082E1B127E0047ED6B /* LoadingView.swift */ = {isa = PBXFileReference; lastKnownFileType = sourcecode.swift; path = LoadingView.swift; sourceTree = "<group>"; };
		0313920A2E1B12960047ED6B /* ErrorMessageView.swift */ = {isa = PBXFileReference; lastKnownFileType = sourcecode.swift; path = ErrorMessageView.swift; sourceTree = "<group>"; };
		0313920C2E1B12A90047ED6B /* EmptyResultsView.swift */ = {isa = PBXFileReference; lastKnownFileType = sourcecode.swift; path = EmptyResultsView.swift; sourceTree = "<group>"; };
		0313920E2E1B12CB0047ED6B /* SearchResultsList.swift */ = {isa = PBXFileReference; lastKnownFileType = sourcecode.swift; path = SearchResultsList.swift; sourceTree = "<group>"; };
		031E9A9D2E19B87F0027BC31 /* FavoriteMoviesViewModel.swift */ = {isa = PBXFileReference; lastKnownFileType = sourcecode.swift; path = FavoriteMoviesViewModel.swift; sourceTree = "<group>"; };
		031E9A9F2E19B9B20027BC31 /* FavoriteMoviesView+Previews.swift */ = {isa = PBXFileReference; lastKnownFileType = sourcecode.swift; path = "FavoriteMoviesView+Previews.swift"; sourceTree = "<group>"; };
		031E9AA12E19C34E0027BC31 /* PreviewFactory+Favorites.swift */ = {isa = PBXFileReference; lastKnownFileType = sourcecode.swift; path = "PreviewFactory+Favorites.swift"; sourceTree = "<group>"; };
		031E9AA32E19D0B60027BC31 /* SearchViewModel.swift */ = {isa = PBXFileReference; lastKnownFileType = sourcecode.swift; path = SearchViewModel.swift; sourceTree = "<group>"; };
		031E9AA52E19D0F40027BC31 /* AccountViewModel.swift */ = {isa = PBXFileReference; lastKnownFileType = sourcecode.swift; path = AccountViewModel.swift; sourceTree = "<group>"; };
		031E9AA72E19D1150027BC31 /* SearchView+Previews.swift */ = {isa = PBXFileReference; lastKnownFileType = sourcecode.swift; path = "SearchView+Previews.swift"; sourceTree = "<group>"; };
		031E9AA92E19D1550027BC31 /* AccountView+Previews.swift */ = {isa = PBXFileReference; lastKnownFileType = sourcecode.swift; path = "AccountView+Previews.swift"; sourceTree = "<group>"; };
		031F2E2F2E0DD2DF001E41B8 /* PersonMovieCardView.swift */ = {isa = PBXFileReference; lastKnownFileType = sourcecode.swift; path = PersonMovieCardView.swift; sourceTree = "<group>"; };
		031F2E312E0DD34C001E41B8 /* ExpandMoreCardView.swift */ = {isa = PBXFileReference; lastKnownFileType = sourcecode.swift; path = ExpandMoreCardView.swift; sourceTree = "<group>"; };
		031F2E332E0DD735001E41B8 /* ExpandToggleButton.swift */ = {isa = PBXFileReference; lastKnownFileType = sourcecode.swift; path = ExpandToggleButton.swift; sourceTree = "<group>"; };
		031F2E352E0DDFDE001E41B8 /* TMDBImageHelper.swift */ = {isa = PBXFileReference; lastKnownFileType = sourcecode.swift; path = TMDBImageHelper.swift; sourceTree = "<group>"; };
		033277E82E15BCC700E5A226 /* WatchProviderCategoryPicker.swift */ = {isa = PBXFileReference; lastKnownFileType = sourcecode.swift; path = WatchProviderCategoryPicker.swift; sourceTree = "<group>"; };
		033277EA2E15BD1A00E5A226 /* WatchProviderListView.swift */ = {isa = PBXFileReference; lastKnownFileType = sourcecode.swift; path = WatchProviderListView.swift; sourceTree = "<group>"; };
		033277EC2E15BD3500E5A226 /* WatchProviderItemView.swift */ = {isa = PBXFileReference; lastKnownFileType = sourcecode.swift; path = WatchProviderItemView.swift; sourceTree = "<group>"; };
		033277EE2E15BF5700E5A226 /* WatchProviderListView+Previews.swift */ = {isa = PBXFileReference; lastKnownFileType = sourcecode.swift; path = "WatchProviderListView+Previews.swift"; sourceTree = "<group>"; };
		033277F02E15BFBD00E5A226 /* WatchProviderItemView+Previews.swift */ = {isa = PBXFileReference; lastKnownFileType = sourcecode.swift; path = "WatchProviderItemView+Previews.swift"; sourceTree = "<group>"; };
		033277F42E15C15800E5A226 /* WatchProviderCategory.swift */ = {isa = PBXFileReference; lastKnownFileType = sourcecode.swift; path = WatchProviderCategory.swift; sourceTree = "<group>"; };
		033277F62E15C42900E5A226 /* WatchProviderCategoryButton.swift */ = {isa = PBXFileReference; lastKnownFileType = sourcecode.swift; path = WatchProviderCategoryButton.swift; sourceTree = "<group>"; };
		033277F82E15C4EC00E5A226 /* WatchProviderCategoryButton+Previews.swift */ = {isa = PBXFileReference; lastKnownFileType = sourcecode.swift; path = "WatchProviderCategoryButton+Previews.swift"; sourceTree = "<group>"; };
		033DE9752E0144B4009FB949 /* Secrets.plist */ = {isa = PBXFileReference; lastKnownFileType = text.plist.xml; name = Secrets.plist; path = CineMate/Features/Resources/Secrets.plist; sourceTree = SOURCE_ROOT; };
		033DE9772E01FBFC009FB949 /* CastCarouselView.swift */ = {isa = PBXFileReference; lastKnownFileType = sourcecode.swift; path = CastCarouselView.swift; sourceTree = "<group>"; };
		033EC7582E1D511A00B0BE08 /* SearchError.swift */ = {isa = PBXFileReference; lastKnownFileType = sourcecode.swift; path = SearchError.swift; sourceTree = "<group>"; };
		034AAEEC2E00BA6600099259 /* TMDBEndpoint.swift */ = {isa = PBXFileReference; lastKnownFileType = sourcecode.swift; path = TMDBEndpoint.swift; sourceTree = "<group>"; };
		034AAEEE2E00BCD000099259 /* TMDBError.swift */ = {isa = PBXFileReference; lastKnownFileType = sourcecode.swift; path = TMDBError.swift; sourceTree = "<group>"; };
		0355ABCD2E107E11002E6F77 /* KnownForScrollView.swift */ = {isa = PBXFileReference; lastKnownFileType = sourcecode.swift; path = KnownForScrollView.swift; sourceTree = "<group>"; };
		0355ABCF2E1082D3002E6F77 /* PersonExternalIDs.swift */ = {isa = PBXFileReference; lastKnownFileType = sourcecode.swift; path = PersonExternalIDs.swift; sourceTree = "<group>"; };
		035678592E17E123005BEE57 /* CastMemberImageView+Previews.swift */ = {isa = PBXFileReference; lastKnownFileType = sourcecode.swift; path = "CastMemberImageView+Previews.swift"; sourceTree = "<group>"; };
		0356785B2E17E259005BEE57 /* PersonMovieCardView+Previews.swift */ = {isa = PBXFileReference; lastKnownFileType = sourcecode.swift; path = "PersonMovieCardView+Previews.swift"; sourceTree = "<group>"; };
		0356785D2E17E3F2005BEE57 /* PersonMetaInfoView+Previews.swift */ = {isa = PBXFileReference; lastKnownFileType = sourcecode.swift; path = "PersonMetaInfoView+Previews.swift"; sourceTree = "<group>"; };
		0356785F2E17E522005BEE57 /* KnownForScrollView+Previews.swift */ = {isa = PBXFileReference; lastKnownFileType = sourcecode.swift; path = "KnownForScrollView+Previews.swift"; sourceTree = "<group>"; };
		035678612E17E66A005BEE57 /* DirectorImageView+Previews.swift */ = {isa = PBXFileReference; lastKnownFileType = sourcecode.swift; path = "DirectorImageView+Previews.swift"; sourceTree = "<group>"; };
		0359A96D2E02E74B00818BD2 /* CastCarouselView+Previews.swift */ = {isa = PBXFileReference; lastKnownFileType = sourcecode.swift; path = "CastCarouselView+Previews.swift"; sourceTree = "<group>"; };
		0359A96F2E02E9EB00818BD2 /* CastMemberView.swift */ = {isa = PBXFileReference; lastKnownFileType = sourcecode.swift; path = CastMemberView.swift; sourceTree = "<group>"; };
		0359A9732E02EB1D00818BD2 /* CastMemberView+Previews.swift */ = {isa = PBXFileReference; lastKnownFileType = sourcecode.swift; path = "CastMemberView+Previews.swift"; sourceTree = "<group>"; };
		0359A9752E02EB7900818BD2 /* CastMoreButtonView.swift */ = {isa = PBXFileReference; lastKnownFileType = sourcecode.swift; path = CastMoreButtonView.swift; sourceTree = "<group>"; };
		0359A9792E02F17400818BD2 /* PreviewStyle.swift */ = {isa = PBXFileReference; lastKnownFileType = sourcecode.swift; path = PreviewStyle.swift; sourceTree = "<group>"; };
		0359A97C2E03488000818BD2 /* CastViewModel.swift */ = {isa = PBXFileReference; lastKnownFileType = sourcecode.swift; path = CastViewModel.swift; sourceTree = "<group>"; };
		03652CE42DFC56830031DCAD /* MovieDetail.swift */ = {isa = PBXFileReference; lastKnownFileType = sourcecode.swift; path = MovieDetail.swift; sourceTree = "<group>"; };
		03668ABA2DFBB01400132847 /* RelatedMovieCardView.swift */ = {isa = PBXFileReference; lastKnownFileType = sourcecode.swift; path = RelatedMovieCardView.swift; sourceTree = "<group>"; };
		03668ABC2DFBB0FE00132847 /* RelatedMoviesSection.swift */ = {isa = PBXFileReference; lastKnownFileType = sourcecode.swift; path = RelatedMoviesSection.swift; sourceTree = "<group>"; };
		03668ABE2DFBB19000132847 /* FavoriteButton.swift */ = {isa = PBXFileReference; lastKnownFileType = sourcecode.swift; path = FavoriteButton.swift; sourceTree = "<group>"; };
		0368AF8F2DF58064009B1F56 /* PosterImageView.swift */ = {isa = PBXFileReference; lastKnownFileType = sourcecode.swift; path = PosterImageView.swift; sourceTree = "<group>"; };
		0368AF912DF5BB3C009B1F56 /* MovieRowDetails.swift */ = {isa = PBXFileReference; lastKnownFileType = sourcecode.swift; path = MovieRowDetails.swift; sourceTree = "<group>"; };
		0368AF932DF5BFB1009B1F56 /* MovieRowView+Previews.swift */ = {isa = PBXFileReference; lastKnownFileType = sourcecode.swift; path = "MovieRowView+Previews.swift"; sourceTree = "<group>"; };
		0368AFC02DF61333009B1F56 /* MovieCategory.swift */ = {isa = PBXFileReference; lastKnownFileType = sourcecode.swift; path = MovieCategory.swift; sourceTree = "<group>"; };
		0368AFC22DF61FA3009B1F56 /* MovieCategoryPicker.swift */ = {isa = PBXFileReference; lastKnownFileType = sourcecode.swift; path = MovieCategoryPicker.swift; sourceTree = "<group>"; };
		0368AFC42DF62312009B1F56 /* MovieListContentView.swift */ = {isa = PBXFileReference; lastKnownFileType = sourcecode.swift; path = MovieListContentView.swift; sourceTree = "<group>"; };
		0368AFC62DF62A7A009B1F56 /* MockMovieRepository.swift */ = {isa = PBXFileReference; lastKnownFileType = sourcecode.swift; path = MockMovieRepository.swift; sourceTree = "<group>"; };
		0381F4D22DFA261400AC2ABB /* MovieGenresView.swift */ = {isa = PBXFileReference; lastKnownFileType = sourcecode.swift; path = MovieGenresView.swift; sourceTree = "<group>"; };
		0384BD6C2E11318D00790AA5 /* PersonLinksView+Previews.swift */ = {isa = PBXFileReference; lastKnownFileType = sourcecode.swift; path = "PersonLinksView+Previews.swift"; sourceTree = "<group>"; };
		0384BD6E2E1177ED00790AA5 /* SocialLinkButtonView.swift */ = {isa = PBXFileReference; lastKnownFileType = sourcecode.swift; path = SocialLinkButtonView.swift; sourceTree = "<group>"; };
		038807D82DFCB4C2009DED36 /* MovieDetailActionBarView.swift */ = {isa = PBXFileReference; lastKnownFileType = sourcecode.swift; path = MovieDetailActionBarView.swift; sourceTree = "<group>"; };
		038C86E12E14190200247D61 /* WatchProviders.swift */ = {isa = PBXFileReference; lastKnownFileType = sourcecode.swift; path = WatchProviders.swift; sourceTree = "<group>"; };
		03A620C52DF7782C00C075E8 /* MovieDetailView.swift */ = {isa = PBXFileReference; lastKnownFileType = sourcecode.swift; path = MovieDetailView.swift; sourceTree = "<group>"; };
		03B24AB02E1FFC380063D42C /* PreviewSupport.swift */ = {isa = PBXFileReference; lastKnownFileType = sourcecode.swift; path = PreviewSupport.swift; sourceTree = "<group>"; };
		03BCF91D2E14688300ADD1BF /* WatchProvidersView.swift */ = {isa = PBXFileReference; lastKnownFileType = sourcecode.swift; path = WatchProvidersView.swift; sourceTree = "<group>"; };
		03BCF91F2E14697100ADD1BF /* WatchProvidersView+Previews.swift */ = {isa = PBXFileReference; lastKnownFileType = sourcecode.swift; path = "WatchProvidersView+Previews.swift"; sourceTree = "<group>"; };
		03BCF9212E1480B800ADD1BF /* WatchProviderRegion+Extensions.swift */ = {isa = PBXFileReference; lastKnownFileType = sourcecode.swift; path = "WatchProviderRegion+Extensions.swift"; sourceTree = "<group>"; };
		03C016252DFA062E0028F421 /* MovieCreditsView.swift */ = {isa = PBXFileReference; lastKnownFileType = sourcecode.swift; path = MovieCreditsView.swift; sourceTree = "<group>"; };
		03C016282DFA1ED20028F421 /* MovieShareItem.swift */ = {isa = PBXFileReference; lastKnownFileType = sourcecode.swift; path = MovieShareItem.swift; sourceTree = "<group>"; };
		03C0162A2DFA1EF80028F421 /* ShareHelper.swift */ = {isa = PBXFileReference; lastKnownFileType = sourcecode.swift; path = ShareHelper.swift; sourceTree = "<group>"; };
		03C1CC502E1DA4170021ECC2 /* SearchPromptView.swift */ = {isa = PBXFileReference; lastKnownFileType = sourcecode.swift; path = SearchPromptView.swift; sourceTree = "<group>"; };
		03C457082E0C83F900A48D2C /* PersonMovieCredit.swift */ = {isa = PBXFileReference; lastKnownFileType = sourcecode.swift; path = PersonMovieCredit.swift; sourceTree = "<group>"; };
		03C4570A2E0C8B9400A48D2C /* BiographyView.swift */ = {isa = PBXFileReference; lastKnownFileType = sourcecode.swift; path = BiographyView.swift; sourceTree = "<group>"; };
		03C4570C2E0C8E8A00A48D2C /* HorizontalMoviesScrollView.swift */ = {isa = PBXFileReference; lastKnownFileType = sourcecode.swift; path = HorizontalMoviesScrollView.swift; sourceTree = "<group>"; };
		03CB4AA52E1873E60080EE84 /* MainTabView.swift */ = {isa = PBXFileReference; lastKnownFileType = sourcecode.swift; path = MainTabView.swift; sourceTree = "<group>"; };
		03CB4AA72E1875800080EE84 /* MainTabView+Previews.swift */ = {isa = PBXFileReference; lastKnownFileType = sourcecode.swift; path = "MainTabView+Previews.swift"; sourceTree = "<group>"; };
		03CB4AA92E18761C0080EE84 /* FavoriteMoviesView.swift */ = {isa = PBXFileReference; lastKnownFileType = sourcecode.swift; path = FavoriteMoviesView.swift; sourceTree = "<group>"; };
		03CB4AAB2E1876390080EE84 /* SearchView.swift */ = {isa = PBXFileReference; lastKnownFileType = sourcecode.swift; path = SearchView.swift; sourceTree = "<group>"; };
		03CB4AAD2E1876500080EE84 /* AccountView.swift */ = {isa = PBXFileReference; lastKnownFileType = sourcecode.swift; path = AccountView.swift; sourceTree = "<group>"; };
		03CE4A412E0F214F00D70F70 /* PersonMetaInfoView.swift */ = {isa = PBXFileReference; lastKnownFileType = sourcecode.swift; path = PersonMetaInfoView.swift; sourceTree = "<group>"; };
		03CE4A432E0F246500D70F70 /* DateHelper.swift */ = {isa = PBXFileReference; lastKnownFileType = sourcecode.swift; path = DateHelper.swift; sourceTree = "<group>"; };
		03CE4A452E0F283800D70F70 /* SectionHeader.swift */ = {isa = PBXFileReference; lastKnownFileType = sourcecode.swift; path = SectionHeader.swift; sourceTree = "<group>"; };
		03D8D29B2E08836E006A117D /* CastMemberImageView.swift */ = {isa = PBXFileReference; lastKnownFileType = sourcecode.swift; path = CastMemberImageView.swift; sourceTree = "<group>"; };
		03D8D29D2E088509006A117D /* PersonInfoView.swift */ = {isa = PBXFileReference; lastKnownFileType = sourcecode.swift; path = PersonInfoView.swift; sourceTree = "<group>"; };
		03D8D29F2E088594006A117D /* PersonLinksView.swift */ = {isa = PBXFileReference; lastKnownFileType = sourcecode.swift; path = PersonLinksView.swift; sourceTree = "<group>"; };
		03D8D2A52E09DD08006A117D /* PreviewFactory.swift */ = {isa = PBXFileReference; lastKnownFileType = sourcecode.swift; path = PreviewFactory.swift; sourceTree = "<group>"; };
		03D8D2A72E09DF5B006A117D /* MovieDetailView+Previews.swift */ = {isa = PBXFileReference; lastKnownFileType = sourcecode.swift; path = "MovieDetailView+Previews.swift"; sourceTree = "<group>"; };
		03D8D2A92E09DFA8006A117D /* MovieDetailInfoView+Previews.swift */ = {isa = PBXFileReference; lastKnownFileType = sourcecode.swift; path = "MovieDetailInfoView+Previews.swift"; sourceTree = "<group>"; };
		03D8D2AB2E09E072006A117D /* MovieCreditsView+Previews.swift */ = {isa = PBXFileReference; lastKnownFileType = sourcecode.swift; path = "MovieCreditsView+Previews.swift"; sourceTree = "<group>"; };
		03D8D2AD2E09ECC0006A117D /* RelatedMovieCardView+Previews.swift */ = {isa = PBXFileReference; lastKnownFileType = sourcecode.swift; path = "RelatedMovieCardView+Previews.swift"; sourceTree = "<group>"; };
		03D8D2AF2E09ED3A006A117D /* MovieDetailActionBarView+Previews.swift */ = {isa = PBXFileReference; lastKnownFileType = sourcecode.swift; path = "MovieDetailActionBarView+Previews.swift"; sourceTree = "<group>"; };
		03D8D2B12E09EE1D006A117D /* RelatedMoviesSection+Previews.swift */ = {isa = PBXFileReference; lastKnownFileType = sourcecode.swift; path = "RelatedMoviesSection+Previews.swift"; sourceTree = "<group>"; };
		03D8D2B32E09F1FF006A117D /* MovieListView+Previews.swift */ = {isa = PBXFileReference; lastKnownFileType = sourcecode.swift; path = "MovieListView+Previews.swift"; sourceTree = "<group>"; };
		03DE96DD2E1BCF17005D71A8 /* SearchValidator.swift */ = {isa = PBXFileReference; lastKnownFileType = sourcecode.swift; path = SearchValidator.swift; sourceTree = "<group>"; };
		03DE96DF2E1BD818005D71A8 /* ValidationMessageView.swift */ = {isa = PBXFileReference; lastKnownFileType = sourcecode.swift; path = ValidationMessageView.swift; sourceTree = "<group>"; };
		03E3557D2DF9C060001F1001 /* MovieCredits.swift */ = {isa = PBXFileReference; lastKnownFileType = sourcecode.swift; path = MovieCredits.swift; sourceTree = "<group>"; };
		03E5BE882E09FDCC00D3C46B /* PosterImageView+Previews.swift */ = {isa = PBXFileReference; lastKnownFileType = sourcecode.swift; path = "PosterImageView+Previews.swift"; sourceTree = "<group>"; };
		03E5BE8A2E09FF4300D3C46B /* MovieRowDetails+Previews.swift */ = {isa = PBXFileReference; lastKnownFileType = sourcecode.swift; path = "MovieRowDetails+Previews.swift"; sourceTree = "<group>"; };
		03E5BE8C2E09FFC700D3C46B /* FavoriteButton+Previews.swift */ = {isa = PBXFileReference; lastKnownFileType = sourcecode.swift; path = "FavoriteButton+Previews.swift"; sourceTree = "<group>"; };
		03E8EF2C2E1C5DFD008EED19 /* SearchValidationResult+Message.swift */ = {isa = PBXFileReference; lastKnownFileType = sourcecode.swift; path = "SearchValidationResult+Message.swift"; sourceTree = "<group>"; };
		03F3AD8C2E11C1FA00B63AA2 /* ShareLinkButtonView.swift */ = {isa = PBXFileReference; lastKnownFileType = sourcecode.swift; path = ShareLinkButtonView.swift; sourceTree = "<group>"; };
		03F3AD8E2E11C7B300B63AA2 /* DirectorView.swift */ = {isa = PBXFileReference; lastKnownFileType = sourcecode.swift; path = DirectorView.swift; sourceTree = "<group>"; };
		03F3AD902E11C8D300B63AA2 /* DirectorView+Preview.swift */ = {isa = PBXFileReference; lastKnownFileType = sourcecode.swift; path = "DirectorView+Preview.swift"; sourceTree = "<group>"; };
		03F3AD922E11DE9000B63AA2 /* DirectorImageView.swift */ = {isa = PBXFileReference; lastKnownFileType = sourcecode.swift; path = DirectorImageView.swift; sourceTree = "<group>"; };
		03F3AD942E11DF9A00B63AA2 /* DirectorUnavailableView.swift */ = {isa = PBXFileReference; lastKnownFileType = sourcecode.swift; path = DirectorUnavailableView.swift; sourceTree = "<group>"; };
		03F3AD962E11E16500B63AA2 /* PersonInfoView+Previews.swift */ = {isa = PBXFileReference; lastKnownFileType = sourcecode.swift; path = "PersonInfoView+Previews.swift"; sourceTree = "<group>"; };
		03F46FED2E1DC237004C01F1 /* DiscoverFilter.swift */ = {isa = PBXFileReference; lastKnownFileType = sourcecode.swift; path = DiscoverFilter.swift; sourceTree = "<group>"; };
		03FC25D72E06161100AACB5E /* MovieListContentView+Previews.swift */ = {isa = PBXFileReference; lastKnownFileType = sourcecode.swift; path = "MovieListContentView+Previews.swift"; sourceTree = "<group>"; };
		03FC25DC2E06A24000AACB5E /* MovieViewModel+Preview.swift */ = {isa = PBXFileReference; lastKnownFileType = sourcecode.swift; path = "MovieViewModel+Preview.swift"; sourceTree = "<group>"; };
		03FC25DE2E06A4D400AACB5E /* CastViewModel+Preview.swift */ = {isa = PBXFileReference; lastKnownFileType = sourcecode.swift; path = "CastViewModel+Preview.swift"; sourceTree = "<group>"; };
		03FC25E02E06E9CB00AACB5E /* CastMemberDetailView.swift */ = {isa = PBXFileReference; lastKnownFileType = sourcecode.swift; path = CastMemberDetailView.swift; sourceTree = "<group>"; };
		03FC25E22E06EAC300AACB5E /* CastMemberDetailView+Previews.swift */ = {isa = PBXFileReference; lastKnownFileType = sourcecode.swift; path = "CastMemberDetailView+Previews.swift"; sourceTree = "<group>"; };
		03FE32332E07394C00C9B356 /* PersonDetail.swift */ = {isa = PBXFileReference; lastKnownFileType = sourcecode.swift; path = PersonDetail.swift; sourceTree = "<group>"; };
		03FE32352E07414400C9B356 /* PersonViewModel+Preview.swift */ = {isa = PBXFileReference; lastKnownFileType = sourcecode.swift; path = "PersonViewModel+Preview.swift"; sourceTree = "<group>"; };
		03FE32372E07416900C9B356 /* PersonViewModel.swift */ = {isa = PBXFileReference; lastKnownFileType = sourcecode.swift; path = PersonViewModel.swift; sourceTree = "<group>"; };
/* End PBXFileReference section */

/* Begin PBXFrameworksBuildPhase section */
		030612002DF4BA4B0013F7AF /* Frameworks */ = {
			isa = PBXFrameworksBuildPhase;
			buildActionMask = 2147483647;
			files = (
			);
			runOnlyForDeploymentPostprocessing = 0;
		};
/* End PBXFrameworksBuildPhase section */

/* Begin PBXGroup section */
		0303C68E2E0ED79A00C3AF33 /* Expand */ = {
			isa = PBXGroup;
			children = (
				031F2E312E0DD34C001E41B8 /* ExpandMoreCardView.swift */,
				031F2E332E0DD735001E41B8 /* ExpandToggleButton.swift */,
			);
			path = Expand;
			sourceTree = "<group>";
		};
		030611FA2DF4BA4B0013F7AF = {
			isa = PBXGroup;
			children = (
				030612282DF4BEB40013F7AF /* CineMate */,
				030612042DF4BA4B0013F7AF /* Products */,
			);
			sourceTree = "<group>";
		};
		030612042DF4BA4B0013F7AF /* Products */ = {
			isa = PBXGroup;
			children = (
				030612032DF4BA4B0013F7AF /* CineMate.app */,
			);
			name = Products;
			sourceTree = "<group>";
		};
		030612282DF4BEB40013F7AF /* CineMate */ = {
			isa = PBXGroup;
			children = (
				036A61AC2E00130500DB7BF0 /* Core */,
				03A620C02DF774CA00C075E8 /* Features */,
				030612252DF4BEB40013F7AF /* CineMateApp.swift */,
				030BC5462DFB6AA300D1F96F /* Info.plist */,
			);
			path = CineMate;
			sourceTree = "<group>";
		};
		0306122D2DF4BEC30013F7AF /* Models */ = {
			isa = PBXGroup;
			children = (
				030612332DF4BF4E0013F7AF /* Movie.swift */,
				03E3557D2DF9C060001F1001 /* MovieCredits.swift */,
				030BC5442DFB604A00D1F96F /* MovieVideo.swift */,
				0368AFC02DF61333009B1F56 /* MovieCategory.swift */,
				030BC5472DFB6E9F00D1F96F /* Movie+TrailerURL.swift */,
				03652CE42DFC56830031DCAD /* MovieDetail.swift */,
				03FE32332E07394C00C9B356 /* PersonDetail.swift */,
				03C457082E0C83F900A48D2C /* PersonMovieCredit.swift */,
				0355ABCF2E1082D3002E6F77 /* PersonExternalIDs.swift */,
				03046E472E1311AD0024AD46 /* Genre.swift */,
				038C86E12E14190200247D61 /* WatchProviders.swift */,
				03F46FED2E1DC237004C01F1 /* DiscoverFilter.swift */,
			);
			path = Models;
			sourceTree = "<group>";
		};
		0306122E2DF4BEC90013F7AF /* Networking */ = {
			isa = PBXGroup;
			children = (
				030612482DF4C07F0013F7AF /* TMDBService.swift */,
				034AAEEC2E00BA6600099259 /* TMDBEndpoint.swift */,
				034AAEEE2E00BCD000099259 /* TMDBError.swift */,
				030BC5492DFB6ECB00D1F96F /* TrailerHelper.swift */,
				031F2E352E0DDFDE001E41B8 /* TMDBImageHelper.swift */,
			);
			path = Networking;
			sourceTree = "<group>";
		};
		0306122F2DF4BED10013F7AF /* Repository */ = {
			isa = PBXGroup;
			children = (
				0306124C2DF4C3DF0013F7AF /* MovieRepository.swift */,
				0306124A2DF4C3BE0013F7AF /* MovieProtocol.swift */,
			);
			path = Repository;
			sourceTree = "<group>";
		};
		030612322DF4BEE90013F7AF /* Resources */ = {
			isa = PBXGroup;
			children = (
				030612242DF4BEB40013F7AF /* Assets.xcassets */,
				033DE9752E0144B4009FB949 /* Secrets.plist */,
			);
			path = Resources;
			sourceTree = "<group>";
		};
		030612612DF4CD3F0013F7AF /* Components */ = {
			isa = PBXGroup;
			children = (
				03CE4A482E0F2E7C00D70F70 /* Shared */,
				0303C68E2E0ED79A00C3AF33 /* Expand */,
				030E037F2E0B4720007BB609 /* Share */,
				030E037E2E0B4713007BB609 /* Genres */,
				030E037D2E0B4707007BB609 /* Picker */,
				030E037C2E0B46F2007BB609 /* Favorite */,
				030E037B2E0B46D7007BB609 /* PosterImage */,
				030E037A2E0B46C0007BB609 /* MovieRow */,
			);
			path = Components;
			sourceTree = "<group>";
		};
		030E03762E0B424D007BB609 /* ViewModel */ = {
			isa = PBXGroup;
			children = (
				0359A97C2E03488000818BD2 /* CastViewModel.swift */,
				03FC25DE2E06A4D400AACB5E /* CastViewModel+Preview.swift */,
				03FE32372E07416900C9B356 /* PersonViewModel.swift */,
				03FE32352E07414400C9B356 /* PersonViewModel+Preview.swift */,
			);
			path = ViewModel;
			sourceTree = "<group>";
		};
		030E03772E0B44B5007BB609 /* Components */ = {
			isa = PBXGroup;
			children = (
				03D8D29D2E088509006A117D /* PersonInfoView.swift */,
				03F3AD962E11E16500B63AA2 /* PersonInfoView+Previews.swift */,
				03D8D29F2E088594006A117D /* PersonLinksView.swift */,
				0384BD6C2E11318D00790AA5 /* PersonLinksView+Previews.swift */,
				03C4570A2E0C8B9400A48D2C /* BiographyView.swift */,
				031F2E2F2E0DD2DF001E41B8 /* PersonMovieCardView.swift */,
				0356785B2E17E259005BEE57 /* PersonMovieCardView+Previews.swift */,
				03CE4A412E0F214F00D70F70 /* PersonMetaInfoView.swift */,
				0356785D2E17E3F2005BEE57 /* PersonMetaInfoView+Previews.swift */,
				0355ABCD2E107E11002E6F77 /* KnownForScrollView.swift */,
				0356785F2E17E522005BEE57 /* KnownForScrollView+Previews.swift */,
				03F3AD8E2E11C7B300B63AA2 /* DirectorView.swift */,
				03F3AD902E11C8D300B63AA2 /* DirectorView+Preview.swift */,
				03F3AD922E11DE9000B63AA2 /* DirectorImageView.swift */,
				035678612E17E66A005BEE57 /* DirectorImageView+Previews.swift */,
				03F3AD942E11DF9A00B63AA2 /* DirectorUnavailableView.swift */,
			);
			path = Components;
			sourceTree = "<group>";
		};
		030E03782E0B44E6007BB609 /* Movies */ = {
			isa = PBXGroup;
			children = (
				030E03792E0B4504007BB609 /* ViewModel */,
				030E03852E0B499E007BB609 /* Views */,
				036A61B12E00513300DB7BF0 /* Components */,
				03A620C12DF774D400C075E8 /* MovieList */,
			);
			path = Movies;
			sourceTree = "<group>";
		};
		030E03792E0B4504007BB609 /* ViewModel */ = {
			isa = PBXGroup;
			children = (
				0306124E2DF4C7960013F7AF /* MovieViewModel.swift */,
				03FC25DC2E06A24000AACB5E /* MovieViewModel+Preview.swift */,
			);
			path = ViewModel;
			sourceTree = "<group>";
		};
		030E037A2E0B46C0007BB609 /* MovieRow */ = {
			isa = PBXGroup;
			children = (
				0368AF932DF5BFB1009B1F56 /* MovieRowView+Previews.swift */,
				0368AF912DF5BB3C009B1F56 /* MovieRowDetails.swift */,
				03E5BE8A2E09FF4300D3C46B /* MovieRowDetails+Previews.swift */,
				030612622DF4CD5F0013F7AF /* MovieRowView.swift */,
			);
			path = MovieRow;
			sourceTree = "<group>";
		};
		030E037B2E0B46D7007BB609 /* PosterImage */ = {
			isa = PBXGroup;
			children = (
				0368AF8F2DF58064009B1F56 /* PosterImageView.swift */,
				03E5BE882E09FDCC00D3C46B /* PosterImageView+Previews.swift */,
			);
			path = PosterImage;
			sourceTree = "<group>";
		};
		030E037C2E0B46F2007BB609 /* Favorite */ = {
			isa = PBXGroup;
			children = (
				03668ABE2DFBB19000132847 /* FavoriteButton.swift */,
				03E5BE8C2E09FFC700D3C46B /* FavoriteButton+Previews.swift */,
			);
			path = Favorite;
			sourceTree = "<group>";
		};
		030E037D2E0B4707007BB609 /* Picker */ = {
			isa = PBXGroup;
			children = (
				0368AFC22DF61FA3009B1F56 /* MovieCategoryPicker.swift */,
			);
			path = Picker;
			sourceTree = "<group>";
		};
		030E037E2E0B4713007BB609 /* Genres */ = {
			isa = PBXGroup;
			children = (
				0381F4D22DFA261400AC2ABB /* MovieGenresView.swift */,
			);
			path = Genres;
			sourceTree = "<group>";
		};
		030E037F2E0B4720007BB609 /* Share */ = {
			isa = PBXGroup;
			children = (
				03C016272DFA1E970028F421 /* ShareButton */,
				0384BD6E2E1177ED00790AA5 /* SocialLinkButtonView.swift */,
				03F3AD8C2E11C1FA00B63AA2 /* ShareLinkButtonView.swift */,
			);
			path = Share;
			sourceTree = "<group>";
		};
		030E03802E0B4770007BB609 /* Previews */ = {
			isa = PBXGroup;
			children = (
				030E03822E0B479F007BB609 /* Mocks */,
				030E03812E0B4779007BB609 /* Factory */,
				036A61AE2E0013FF00DB7BF0 /* Data */,
			);
			path = Previews;
			sourceTree = "<group>";
		};
		030E03812E0B4779007BB609 /* Factory */ = {
			isa = PBXGroup;
			children = (
				03D8D2A52E09DD08006A117D /* PreviewFactory.swift */,
				031E9AA12E19C34E0027BC31 /* PreviewFactory+Favorites.swift */,
				031392022E1AAA0F0047ED6B /* PreviewFactory+Search.swift */,
				031392042E1AAA310047ED6B /* PreviewFactory+Account.swift */,
				030599772E1F051100626215 /* PreviewFactory+Discover.swift */,
			);
			path = Factory;
			sourceTree = "<group>";
		};
		030E03822E0B479F007BB609 /* Mocks */ = {
			isa = PBXGroup;
			children = (
				0368AFC62DF62A7A009B1F56 /* MockMovieRepository.swift */,
			);
			path = Mocks;
			sourceTree = "<group>";
		};
		030E03842E0B486C007BB609 /* Config */ = {
			isa = PBXGroup;
			children = (
				030E469D2DFDA7DD00285FE7 /* Secrets.example.plist */,
				030612462DF4C05C0013F7AF /* SecretManager.swift */,
			);
			path = Config;
			sourceTree = "<group>";
		};
		030E03852E0B499E007BB609 /* Views */ = {
			isa = PBXGroup;
			children = (
				03A620C52DF7782C00C075E8 /* MovieDetailView.swift */,
				03D8D2A72E09DF5B006A117D /* MovieDetailView+Previews.swift */,
				030CA7A62DF8CADA00771212 /* MovieDetailInfoView.swift */,
				03D8D2A92E09DFA8006A117D /* MovieDetailInfoView+Previews.swift */,
				03C016252DFA062E0028F421 /* MovieCreditsView.swift */,
				03D8D2AB2E09E072006A117D /* MovieCreditsView+Previews.swift */,
				03046E4B2E13202D0024AD46 /* GenreDetailView.swift */,
			);
			path = Views;
			sourceTree = "<group>";
		};
		031E9A922E19B6AF0027BC31 /* Core */ = {
			isa = PBXGroup;
			children = (
				031E9A932E19B6B70027BC31 /* Views */,
			);
			path = Core;
			sourceTree = "<group>";
		};
		031E9A932E19B6B70027BC31 /* Views */ = {
			isa = PBXGroup;
			children = (
				03CB4AA52E1873E60080EE84 /* MainTabView.swift */,
				03CB4AA72E1875800080EE84 /* MainTabView+Previews.swift */,
			);
			path = Views;
			sourceTree = "<group>";
		};
		031E9A942E19B6F60027BC31 /* Favorites */ = {
			isa = PBXGroup;
			children = (
				031E9A962E19B7150027BC31 /* Views */,
				031E9A952E19B7030027BC31 /* ViewModels */,
			);
			path = Favorites;
			sourceTree = "<group>";
		};
		031E9A952E19B7030027BC31 /* ViewModels */ = {
			isa = PBXGroup;
			children = (
				031E9A9D2E19B87F0027BC31 /* FavoriteMoviesViewModel.swift */,
			);
			path = ViewModels;
			sourceTree = "<group>";
		};
		031E9A962E19B7150027BC31 /* Views */ = {
			isa = PBXGroup;
			children = (
				03CB4AA92E18761C0080EE84 /* FavoriteMoviesView.swift */,
				031E9A9F2E19B9B20027BC31 /* FavoriteMoviesView+Previews.swift */,
			);
			path = Views;
			sourceTree = "<group>";
		};
		031E9A972E19B7940027BC31 /* Search */ = {
			isa = PBXGroup;
			children = (
				031E9A992E19B7A60027BC31 /* Views */,
				031E9A982E19B7A00027BC31 /* ViewModel */,
				03C1CC4F2E1DA1910021ECC2 /* Logic */,
			);
			path = Search;
			sourceTree = "<group>";
		};
		031E9A982E19B7A00027BC31 /* ViewModel */ = {
			isa = PBXGroup;
			children = (
				031E9AA32E19D0B60027BC31 /* SearchViewModel.swift */,
			);
			path = ViewModel;
			sourceTree = "<group>";
		};
		031E9A992E19B7A60027BC31 /* Views */ = {
			isa = PBXGroup;
			children = (
				03CB4AAB2E1876390080EE84 /* SearchView.swift */,
				031E9AA72E19D1150027BC31 /* SearchView+Previews.swift */,
				0313920E2E1B12CB0047ED6B /* SearchResultsList.swift */,
				0313920C2E1B12A90047ED6B /* EmptyResultsView.swift */,
				031392062E1B11CA0047ED6B /* SearchBarView.swift */,
				0313920A2E1B12960047ED6B /* ErrorMessageView.swift */,
				031392082E1B127E0047ED6B /* LoadingView.swift */,
				03DE96DF2E1BD818005D71A8 /* ValidationMessageView.swift */,
				03C1CC502E1DA4170021ECC2 /* SearchPromptView.swift */,
			);
			path = Views;
			sourceTree = "<group>";
		};
		031E9A9A2E19B7B20027BC31 /* Account */ = {
			isa = PBXGroup;
			children = (
				031E9A9B2E19B7CB0027BC31 /* Views */,
				031E9A9C2E19B7D20027BC31 /* ViewModels */,
			);
			path = Account;
			sourceTree = "<group>";
		};
		031E9A9B2E19B7CB0027BC31 /* Views */ = {
			isa = PBXGroup;
			children = (
				03CB4AAD2E1876500080EE84 /* AccountView.swift */,
				031E9AA92E19D1550027BC31 /* AccountView+Previews.swift */,
			);
			path = Views;
			sourceTree = "<group>";
		};
		031E9A9C2E19B7D20027BC31 /* ViewModels */ = {
			isa = PBXGroup;
			children = (
				031E9AA52E19D0F40027BC31 /* AccountViewModel.swift */,
			);
			path = ViewModels;
			sourceTree = "<group>";
		};
		033277FA2E15DBB000E5A226 /* WatchProviders */ = {
			isa = PBXGroup;
			children = (
				033277FF2E15DC4B00E5A226 /* Components */,
				033277FE2E15DBDC00E5A226 /* Previews */,
				033277FC2E15DBC000E5A226 /* Model */,
				033277FB2E15DBB900E5A226 /* Views */,
				033277FD2E15DBCB00E5A226 /* Extensions */,
			);
			path = WatchProviders;
			sourceTree = "<group>";
		};
		033277FB2E15DBB900E5A226 /* Views */ = {
			isa = PBXGroup;
			children = (
				03BCF91D2E14688300ADD1BF /* WatchProvidersView.swift */,
				033277EC2E15BD3500E5A226 /* WatchProviderItemView.swift */,
				033277E82E15BCC700E5A226 /* WatchProviderCategoryPicker.swift */,
				033277EA2E15BD1A00E5A226 /* WatchProviderListView.swift */,
			);
			path = Views;
			sourceTree = "<group>";
		};
		033277FC2E15DBC000E5A226 /* Model */ = {
			isa = PBXGroup;
			children = (
				033277F42E15C15800E5A226 /* WatchProviderCategory.swift */,
			);
			path = Model;
			sourceTree = "<group>";
		};
		033277FD2E15DBCB00E5A226 /* Extensions */ = {
			isa = PBXGroup;
			children = (
				03BCF9212E1480B800ADD1BF /* WatchProviderRegion+Extensions.swift */,
			);
			path = Extensions;
			sourceTree = "<group>";
		};
		033277FE2E15DBDC00E5A226 /* Previews */ = {
			isa = PBXGroup;
			children = (
				03BCF91F2E14697100ADD1BF /* WatchProvidersView+Previews.swift */,
				033277EE2E15BF5700E5A226 /* WatchProviderListView+Previews.swift */,
				033277F02E15BFBD00E5A226 /* WatchProviderItemView+Previews.swift */,
			);
			path = Previews;
			sourceTree = "<group>";
		};
		033277FF2E15DC4B00E5A226 /* Components */ = {
			isa = PBXGroup;
			children = (
				033277F62E15C42900E5A226 /* WatchProviderCategoryButton.swift */,
				033277F82E15C4EC00E5A226 /* WatchProviderCategoryButton+Previews.swift */,
			);
			path = Components;
			sourceTree = "<group>";
		};
		0366236F2E2052F4008FDE2E /* Components */ = {
			isa = PBXGroup;
			children = (
				0305997B2E1F07F300626215 /* DiscoverSortMenu.swift */,
				0305997F2E1F082D00626215 /* DiscoverSortMenu+Previews.swift */,
			);
			path = Components;
			sourceTree = "<group>";
		};
		036623702E205312008FDE2E /* Logic */ = {
			isa = PBXGroup;
			children = (
				030599832E1F0C5000626215 /* SortOption.swift */,
			);
			path = Logic;
			sourceTree = "<group>";
		};
		0368AFCD2DF6362F009B1F56 /* UI */ = {
			isa = PBXGroup;
			children = (
				030612612DF4CD3F0013F7AF /* Components */,
			);
			path = UI;
			sourceTree = "<group>";
		};
		036A61AC2E00130500DB7BF0 /* Core */ = {
			isa = PBXGroup;
			children = (
				030E03842E0B486C007BB609 /* Config */,
				0306122D2DF4BEC30013F7AF /* Models */,
				0306122E2DF4BEC90013F7AF /* Networking */,
				0306122F2DF4BED10013F7AF /* Repository */,
				03CE4A472E0F2E2600D70F70 /* Utilites */,
			);
			path = Core;
			sourceTree = "<group>";
		};
		036A61AE2E0013FF00DB7BF0 /* Data */ = {
			isa = PBXGroup;
			children = (
				030612642DF4CDAD0013F7AF /* PreviewData.swift */,
				0359A9792E02F17400818BD2 /* PreviewStyle.swift */,
				03046E492E1315A40024AD46 /* Genre+Preview.swift */,
				03B24AB02E1FFC380063D42C /* PreviewSupport.swift */,
			);
			path = Data;
			sourceTree = "<group>";
		};
		036A61B12E00513300DB7BF0 /* Components */ = {
			isa = PBXGroup;
			children = (
				038807D82DFCB4C2009DED36 /* MovieDetailActionBarView.swift */,
				03D8D2AF2E09ED3A006A117D /* MovieDetailActionBarView+Previews.swift */,
				03668ABA2DFBB01400132847 /* RelatedMovieCardView.swift */,
				03D8D2AD2E09ECC0006A117D /* RelatedMovieCardView+Previews.swift */,
				03668ABC2DFBB0FE00132847 /* RelatedMoviesSection.swift */,
				03D8D2B12E09EE1D006A117D /* RelatedMoviesSection+Previews.swift */,
				033DE9772E01FBFC009FB949 /* CastCarouselView.swift */,
				0359A96D2E02E74B00818BD2 /* CastCarouselView+Previews.swift */,
				0359A96F2E02E9EB00818BD2 /* CastMemberView.swift */,
				0359A9732E02EB1D00818BD2 /* CastMemberView+Previews.swift */,
				0359A9752E02EB7900818BD2 /* CastMoreButtonView.swift */,
				03C4570C2E0C8E8A00A48D2C /* HorizontalMoviesScrollView.swift */,
			);
			path = Components;
			sourceTree = "<group>";
		};
		03A620C02DF774CA00C075E8 /* Features */ = {
			isa = PBXGroup;
			children = (
				03C50CCF2E1EAA7C00106CCF /* Discover */,
				031E9A9A2E19B7B20027BC31 /* Account */,
				031E9A972E19B7940027BC31 /* Search */,
				031E9A922E19B6AF0027BC31 /* Core */,
				031E9A942E19B6F60027BC31 /* Favorites */,
				033277FA2E15DBB000E5A226 /* WatchProviders */,
				030E03782E0B44E6007BB609 /* Movies */,
				03D8D2A32E088DF5006A117D /* People */,
				0368AFCD2DF6362F009B1F56 /* UI */,
				030E03802E0B4770007BB609 /* Previews */,
				030612322DF4BEE90013F7AF /* Resources */,
			);
			path = Features;
			sourceTree = "<group>";
		};
		03A620C12DF774D400C075E8 /* MovieList */ = {
			isa = PBXGroup;
			children = (
				03A620C32DF7765D00C075E8 /* Views */,
			);
			path = MovieList;
			sourceTree = "<group>";
		};
		03A620C32DF7765D00C075E8 /* Views */ = {
			isa = PBXGroup;
			children = (
				030612662DF4E5800013F7AF /* MovieListView.swift */,
				03D8D2B32E09F1FF006A117D /* MovieListView+Previews.swift */,
				0368AFC42DF62312009B1F56 /* MovieListContentView.swift */,
				03FC25D72E06161100AACB5E /* MovieListContentView+Previews.swift */,
			);
			path = Views;
			sourceTree = "<group>";
		};
		03C016272DFA1E970028F421 /* ShareButton */ = {
			isa = PBXGroup;
			children = (
				03C016282DFA1ED20028F421 /* MovieShareItem.swift */,
				03C0162A2DFA1EF80028F421 /* ShareHelper.swift */,
			);
			path = ShareButton;
			sourceTree = "<group>";
		};
		03C1CC4F2E1DA1910021ECC2 /* Logic */ = {
			isa = PBXGroup;
			children = (
				033EC7582E1D511A00B0BE08 /* SearchError.swift */,
				03DE96DD2E1BCF17005D71A8 /* SearchValidator.swift */,
				03E8EF2C2E1C5DFD008EED19 /* SearchValidationResult+Message.swift */,
			);
			path = Logic;
			sourceTree = "<group>";
		};
		03C50CCF2E1EAA7C00106CCF /* Discover */ = {
			isa = PBXGroup;
			children = (
				03C50CD12E1EAA9000106CCF /* ViewModels */,
				03C50CD02E1EAA8900106CCF /* Views */,
				0366236F2E2052F4008FDE2E /* Components */,
				036623702E205312008FDE2E /* Logic */,
			);
			path = Discover;
			sourceTree = "<group>";
		};
		03C50CD02E1EAA8900106CCF /* Views */ = {
			isa = PBXGroup;
			children = (
				030599732E1F04DA00626215 /* DiscoverView.swift */,
				030599792E1F05A500626215 /* DiscoverView+Previews.swift */,
				0305997D2E1F080F00626215 /* DiscoverContentView.swift */,
				030599812E1F086100626215 /* DiscoverContentView+Previews.swift */,
			);
			path = Views;
			sourceTree = "<group>";
		};
		03C50CD12E1EAA9000106CCF /* ViewModels */ = {
			isa = PBXGroup;
			children = (
				030599712E1EF9AC00626215 /* DiscoverViewModel.swift */,
			);
			path = ViewModels;
			sourceTree = "<group>";
		};
		03CE4A472E0F2E2600D70F70 /* Utilites */ = {
			isa = PBXGroup;
			children = (
				03CE4A432E0F246500D70F70 /* DateHelper.swift */,
			);
			path = Utilites;
			sourceTree = "<group>";
		};
		03CE4A482E0F2E7C00D70F70 /* Shared */ = {
			isa = PBXGroup;
			children = (
				03CE4A452E0F283800D70F70 /* SectionHeader.swift */,
			);
			path = Shared;
			sourceTree = "<group>";
		};
		03D8D2A32E088DF5006A117D /* People */ = {
			isa = PBXGroup;
			children = (
				030E03762E0B424D007BB609 /* ViewModel */,
				03D8D2A42E088E13006A117D /* Views */,
				030E03772E0B44B5007BB609 /* Components */,
			);
			path = People;
			sourceTree = "<group>";
		};
		03D8D2A42E088E13006A117D /* Views */ = {
			isa = PBXGroup;
			children = (
				03D8D29B2E08836E006A117D /* CastMemberImageView.swift */,
				035678592E17E123005BEE57 /* CastMemberImageView+Previews.swift */,
				03FC25E02E06E9CB00AACB5E /* CastMemberDetailView.swift */,
				03FC25E22E06EAC300AACB5E /* CastMemberDetailView+Previews.swift */,
			);
			path = Views;
			sourceTree = "<group>";
		};
/* End PBXGroup section */

/* Begin PBXNativeTarget section */
		030612022DF4BA4B0013F7AF /* CineMate */ = {
			isa = PBXNativeTarget;
			buildConfigurationList = 0306120E2DF4BA4C0013F7AF /* Build configuration list for PBXNativeTarget "CineMate" */;
			buildPhases = (
				030611FF2DF4BA4B0013F7AF /* Sources */,
				030612002DF4BA4B0013F7AF /* Frameworks */,
				030612012DF4BA4B0013F7AF /* Resources */,
			);
			buildRules = (
			);
			dependencies = (
			);
			name = CineMate;
			packageProductDependencies = (
			);
			productName = CineMate;
			productReference = 030612032DF4BA4B0013F7AF /* CineMate.app */;
			productType = "com.apple.product-type.application";
		};
/* End PBXNativeTarget section */

/* Begin PBXProject section */
		030611FB2DF4BA4B0013F7AF /* Project object */ = {
			isa = PBXProject;
			attributes = {
				BuildIndependentTargetsInParallel = 1;
				LastSwiftUpdateCheck = 1640;
				LastUpgradeCheck = 1640;
				TargetAttributes = {
					030612022DF4BA4B0013F7AF = {
						CreatedOnToolsVersion = 16.4;
					};
				};
			};
			buildConfigurationList = 030611FE2DF4BA4B0013F7AF /* Build configuration list for PBXProject "CineMate" */;
			compatibilityVersion = "Xcode 15.3";
			developmentRegion = en;
			hasScannedForEncodings = 0;
			knownRegions = (
				en,
				Base,
			);
			mainGroup = 030611FA2DF4BA4B0013F7AF;
			minimizedProjectReferenceProxies = 1;
			productRefGroup = 030612042DF4BA4B0013F7AF /* Products */;
			projectDirPath = "";
			projectRoot = "";
			targets = (
				030612022DF4BA4B0013F7AF /* CineMate */,
			);
		};
/* End PBXProject section */

/* Begin PBXResourcesBuildPhase section */
		030612012DF4BA4B0013F7AF /* Resources */ = {
			isa = PBXResourcesBuildPhase;
			buildActionMask = 2147483647;
			files = (
				030E469E2DFDA7DD00285FE7 /* Secrets.example.plist in Resources */,
				033DE9762E0144B4009FB949 /* Secrets.plist in Resources */,
				030612292DF4BEB40013F7AF /* Assets.xcassets in Resources */,
			);
			runOnlyForDeploymentPostprocessing = 0;
		};
/* End PBXResourcesBuildPhase section */

/* Begin PBXSourcesBuildPhase section */
		030611FF2DF4BA4B0013F7AF /* Sources */ = {
			isa = PBXSourcesBuildPhase;
			buildActionMask = 2147483647;
			files = (
				0368AFC32DF61FA3009B1F56 /* MovieCategoryPicker.swift in Sources */,
				03DE96E02E1BD818005D71A8 /* ValidationMessageView.swift in Sources */,
				033EC7592E1D511A00B0BE08 /* SearchError.swift in Sources */,
				0359A97D2E03488000818BD2 /* CastViewModel.swift in Sources */,
				030BC54A2DFB6ECB00D1F96F /* TrailerHelper.swift in Sources */,
				030612652DF4CDAD0013F7AF /* PreviewData.swift in Sources */,
				030599722E1EF9AC00626215 /* DiscoverViewModel.swift in Sources */,
				03D8D29C2E08836F006A117D /* CastMemberImageView.swift in Sources */,
				0359A9702E02E9EB00818BD2 /* CastMemberView.swift in Sources */,
				035678602E17E522005BEE57 /* KnownForScrollView+Previews.swift in Sources */,
				03FE32362E07414400C9B356 /* PersonViewModel+Preview.swift in Sources */,
				0305997E2E1F080F00626215 /* DiscoverContentView.swift in Sources */,
				03652CE52DFC56830031DCAD /* MovieDetail.swift in Sources */,
				030612672DF4E5800013F7AF /* MovieListView.swift in Sources */,
				031392052E1AAA310047ED6B /* PreviewFactory+Account.swift in Sources */,
				03FE32342E07394C00C9B356 /* PersonDetail.swift in Sources */,
				03CB4AA82E1875800080EE84 /* MainTabView+Previews.swift in Sources */,
				0359A9742E02EB1D00818BD2 /* CastMemberView+Previews.swift in Sources */,
				038C86E22E14190200247D61 /* WatchProviders.swift in Sources */,
				03BCF9202E14697100ADD1BF /* WatchProvidersView+Previews.swift in Sources */,
				0356785C2E17E259005BEE57 /* PersonMovieCardView+Previews.swift in Sources */,
				030599782E1F051100626215 /* PreviewFactory+Discover.swift in Sources */,
				03B24AB12E1FFC380063D42C /* PreviewSupport.swift in Sources */,
				03CE4A462E0F283800D70F70 /* SectionHeader.swift in Sources */,
				0305997C2E1F07F300626215 /* DiscoverSortMenu.swift in Sources */,
				03F46FEE2E1DC237004C01F1 /* DiscoverFilter.swift in Sources */,
				030599842E1F0C5000626215 /* SortOption.swift in Sources */,
				033277F72E15C42900E5A226 /* WatchProviderCategoryButton.swift in Sources */,
				03FC25DF2E06A4D400AACB5E /* CastViewModel+Preview.swift in Sources */,
				031392072E1B11CA0047ED6B /* SearchBarView.swift in Sources */,
				030612492DF4C07F0013F7AF /* TMDBService.swift in Sources */,
				03E8EF2D2E1C5DFD008EED19 /* SearchValidationResult+Message.swift in Sources */,
				03C1CC512E1DA4170021ECC2 /* SearchPromptView.swift in Sources */,
				03D8D2AA2E09DFA8006A117D /* MovieDetailInfoView+Previews.swift in Sources */,
				0355ABD02E1082D3002E6F77 /* PersonExternalIDs.swift in Sources */,
				0368AF922DF5BB3C009B1F56 /* MovieRowDetails.swift in Sources */,
				03CE4A422E0F214F00D70F70 /* PersonMetaInfoView.swift in Sources */,
				030BC5482DFB6E9F00D1F96F /* Movie+TrailerURL.swift in Sources */,
				030612632DF4CD5F0013F7AF /* MovieRowView.swift in Sources */,
				033277F52E15C15800E5A226 /* WatchProviderCategory.swift in Sources */,
				0356785A2E17E123005BEE57 /* CastMemberImageView+Previews.swift in Sources */,
				0306122B2DF4BEB40013F7AF /* CineMateApp.swift in Sources */,
				0355ABCE2E107E11002E6F77 /* KnownForScrollView.swift in Sources */,
				0306124B2DF4C3BE0013F7AF /* MovieProtocol.swift in Sources */,
				034AAEEF2E00BCD000099259 /* TMDBError.swift in Sources */,
				030CA7A72DF8CADA00771212 /* MovieDetailInfoView.swift in Sources */,
				031E9AA82E19D1150027BC31 /* SearchView+Previews.swift in Sources */,
				03CE4A442E0F246500D70F70 /* DateHelper.swift in Sources */,
				03C016292DFA1ED20028F421 /* MovieShareItem.swift in Sources */,
				031E9AAA2E19D1550027BC31 /* AccountView+Previews.swift in Sources */,
				03046E482E1311AD0024AD46 /* Genre.swift in Sources */,
				03D8D2A82E09DF5B006A117D /* MovieDetailView+Previews.swift in Sources */,
				03FC25DD2E06A24000AACB5E /* MovieViewModel+Preview.swift in Sources */,
				03F3AD972E11E16500B63AA2 /* PersonInfoView+Previews.swift in Sources */,
				031392032E1AAA0F0047ED6B /* PreviewFactory+Search.swift in Sources */,
				0306124F2DF4C7960013F7AF /* MovieViewModel.swift in Sources */,
				0384BD6F2E1177ED00790AA5 /* SocialLinkButtonView.swift in Sources */,
				0356785E2E17E3F2005BEE57 /* PersonMetaInfoView+Previews.swift in Sources */,
				03046E4C2E13202D0024AD46 /* GenreDetailView.swift in Sources */,
				03E5BE8D2E09FFC700D3C46B /* FavoriteButton+Previews.swift in Sources */,
				03DE96DE2E1BCF17005D71A8 /* SearchValidator.swift in Sources */,
				0381F4D32DFA261400AC2ABB /* MovieGenresView.swift in Sources */,
				03F3AD912E11C8D300B63AA2 /* DirectorView+Preview.swift in Sources */,
				0313920B2E1B12960047ED6B /* ErrorMessageView.swift in Sources */,
				033277EB2E15BD1A00E5A226 /* WatchProviderListView.swift in Sources */,
				033277E92E15BCC700E5A226 /* WatchProviderCategoryPicker.swift in Sources */,
				03A620C62DF7782C00C075E8 /* MovieDetailView.swift in Sources */,
				0359A97A2E02F17400818BD2 /* PreviewStyle.swift in Sources */,
				031E9AA42E19D0B60027BC31 /* SearchViewModel.swift in Sources */,
				03F3AD8F2E11C7B300B63AA2 /* DirectorView.swift in Sources */,
				03D8D2AE2E09ECC0006A117D /* RelatedMovieCardView+Previews.swift in Sources */,
				03C4570D2E0C8E8A00A48D2C /* HorizontalMoviesScrollView.swift in Sources */,
				031F2E302E0DD2DF001E41B8 /* PersonMovieCardView.swift in Sources */,
				0359A9762E02EB7900818BD2 /* CastMoreButtonView.swift in Sources */,
				03BCF9222E1480B800ADD1BF /* WatchProviderRegion+Extensions.swift in Sources */,
				0359A96E2E02E74B00818BD2 /* CastCarouselView+Previews.swift in Sources */,
				03FC25E12E06E9CB00AACB5E /* CastMemberDetailView.swift in Sources */,
				03668ABF2DFBB19000132847 /* FavoriteButton.swift in Sources */,
				033277EF2E15BF5700E5A226 /* WatchProviderListView+Previews.swift in Sources */,
				03CB4AAE2E1876500080EE84 /* AccountView.swift in Sources */,
				0305997A2E1F05A500626215 /* DiscoverView+Previews.swift in Sources */,
				03CB4AA62E1873E60080EE84 /* MainTabView.swift in Sources */,
				03F3AD8D2E11C1FA00B63AA2 /* ShareLinkButtonView.swift in Sources */,
				03D8D2B02E09ED3A006A117D /* MovieDetailActionBarView+Previews.swift in Sources */,
				030BC5452DFB604A00D1F96F /* MovieVideo.swift in Sources */,
				0384BD6D2E11318D00790AA5 /* PersonLinksView+Previews.swift in Sources */,
				03FE32382E07416900C9B356 /* PersonViewModel.swift in Sources */,
				0368AF902DF58064009B1F56 /* PosterImageView.swift in Sources */,
				03D8D2AC2E09E072006A117D /* MovieCreditsView+Previews.swift in Sources */,
				034AAEED2E00BA6600099259 /* TMDBEndpoint.swift in Sources */,
				033277F92E15C4EC00E5A226 /* WatchProviderCategoryButton+Previews.swift in Sources */,
				03668ABD2DFBB0FE00132847 /* RelatedMoviesSection.swift in Sources */,
				03C4570B2E0C8B9400A48D2C /* BiographyView.swift in Sources */,
				03046E4A2E1315A40024AD46 /* Genre+Preview.swift in Sources */,
				03BCF91E2E14688300ADD1BF /* WatchProvidersView.swift in Sources */,
				0306124D2DF4C3DF0013F7AF /* MovieRepository.swift in Sources */,
				03668ABB2DFBB01400132847 /* RelatedMovieCardView.swift in Sources */,
				03E5BE8B2E09FF4300D3C46B /* MovieRowDetails+Previews.swift in Sources */,
				03D8D2B42E09F1FF006A117D /* MovieListView+Previews.swift in Sources */,
				030599802E1F082D00626215 /* DiscoverSortMenu+Previews.swift in Sources */,
				03E3557E2DF9C060001F1001 /* MovieCredits.swift in Sources */,
				031F2E362E0DDFDE001E41B8 /* TMDBImageHelper.swift in Sources */,
				03C016262DFA062E0028F421 /* MovieCreditsView.swift in Sources */,
				03CB4AAC2E1876390080EE84 /* SearchView.swift in Sources */,
				031392092E1B127E0047ED6B /* LoadingView.swift in Sources */,
				033277ED2E15BD3500E5A226 /* WatchProviderItemView.swift in Sources */,
				03FC25D82E06161100AACB5E /* MovieListContentView+Previews.swift in Sources */,
				03D8D2A62E09DD08006A117D /* PreviewFactory.swift in Sources */,
				031F2E342E0DD735001E41B8 /* ExpandToggleButton.swift in Sources */,
				0368AFC72DF62A7A009B1F56 /* MockMovieRepository.swift in Sources */,
				03F3AD932E11DE9000B63AA2 /* DirectorImageView.swift in Sources */,
				038807D92DFCB4C2009DED36 /* MovieDetailActionBarView.swift in Sources */,
				0313920D2E1B12A90047ED6B /* EmptyResultsView.swift in Sources */,
				031E9A9E2E19B87F0027BC31 /* FavoriteMoviesViewModel.swift in Sources */,
				03E5BE892E09FDCC00D3C46B /* PosterImageView+Previews.swift in Sources */,
				03FC25E32E06EAC300AACB5E /* CastMemberDetailView+Previews.swift in Sources */,
				0313920F2E1B12CB0047ED6B /* SearchResultsList.swift in Sources */,
				03D8D2B22E09EE1D006A117D /* RelatedMoviesSection+Previews.swift in Sources */,
				030612342DF4BF4E0013F7AF /* Movie.swift in Sources */,
				0368AFC52DF62312009B1F56 /* MovieListContentView.swift in Sources */,
				0368AFC12DF61333009B1F56 /* MovieCategory.swift in Sources */,
				030612472DF4C05C0013F7AF /* SecretManager.swift in Sources */,
				033277F12E15BFBD00E5A226 /* WatchProviderItemView+Previews.swift in Sources */,
				03F3AD952E11DF9A00B63AA2 /* DirectorUnavailableView.swift in Sources */,
				030599822E1F086100626215 /* DiscoverContentView+Previews.swift in Sources */,
				030599742E1F04DA00626215 /* DiscoverView.swift in Sources */,
				03CB4AAA2E18761C0080EE84 /* FavoriteMoviesView.swift in Sources */,
				03C0162B2DFA1EF80028F421 /* ShareHelper.swift in Sources */,
				03D8D2A02E088594006A117D /* PersonLinksView.swift in Sources */,
				03C457092E0C83F900A48D2C /* PersonMovieCredit.swift in Sources */,
				0368AF942DF5BFB1009B1F56 /* MovieRowView+Previews.swift in Sources */,
				031F2E322E0DD34C001E41B8 /* ExpandMoreCardView.swift in Sources */,
				031E9AA02E19B9B20027BC31 /* FavoriteMoviesView+Previews.swift in Sources */,
				033DE9782E01FBFC009FB949 /* CastCarouselView.swift in Sources */,
				03D8D29E2E088509006A117D /* PersonInfoView.swift in Sources */,
				035678622E17E66A005BEE57 /* DirectorImageView+Previews.swift in Sources */,
				031E9AA22E19C34E0027BC31 /* PreviewFactory+Favorites.swift in Sources */,
				031E9AA62E19D0F40027BC31 /* AccountViewModel.swift in Sources */,
			);
			runOnlyForDeploymentPostprocessing = 0;
		};
/* End PBXSourcesBuildPhase section */

/* Begin XCBuildConfiguration section */
		0306120C2DF4BA4C0013F7AF /* Debug */ = {
			isa = XCBuildConfiguration;
			buildSettings = {
				ALWAYS_SEARCH_USER_PATHS = NO;
				ASSETCATALOG_COMPILER_GENERATE_SWIFT_ASSET_SYMBOL_EXTENSIONS = YES;
				CLANG_ANALYZER_NONNULL = YES;
				CLANG_ANALYZER_NUMBER_OBJECT_CONVERSION = YES_AGGRESSIVE;
				CLANG_CXX_LANGUAGE_STANDARD = "gnu++20";
				CLANG_ENABLE_MODULES = YES;
				CLANG_ENABLE_OBJC_ARC = YES;
				CLANG_ENABLE_OBJC_WEAK = YES;
				CLANG_WARN_BLOCK_CAPTURE_AUTORELEASING = YES;
				CLANG_WARN_BOOL_CONVERSION = YES;
				CLANG_WARN_COMMA = YES;
				CLANG_WARN_CONSTANT_CONVERSION = YES;
				CLANG_WARN_DEPRECATED_OBJC_IMPLEMENTATIONS = YES;
				CLANG_WARN_DIRECT_OBJC_ISA_USAGE = YES_ERROR;
				CLANG_WARN_DOCUMENTATION_COMMENTS = YES;
				CLANG_WARN_EMPTY_BODY = YES;
				CLANG_WARN_ENUM_CONVERSION = YES;
				CLANG_WARN_INFINITE_RECURSION = YES;
				CLANG_WARN_INT_CONVERSION = YES;
				CLANG_WARN_NON_LITERAL_NULL_CONVERSION = YES;
				CLANG_WARN_OBJC_IMPLICIT_RETAIN_SELF = YES;
				CLANG_WARN_OBJC_LITERAL_CONVERSION = YES;
				CLANG_WARN_OBJC_ROOT_CLASS = YES_ERROR;
				CLANG_WARN_QUOTED_INCLUDE_IN_FRAMEWORK_HEADER = YES;
				CLANG_WARN_RANGE_LOOP_ANALYSIS = YES;
				CLANG_WARN_STRICT_PROTOTYPES = YES;
				CLANG_WARN_SUSPICIOUS_MOVE = YES;
				CLANG_WARN_UNGUARDED_AVAILABILITY = YES_AGGRESSIVE;
				CLANG_WARN_UNREACHABLE_CODE = YES;
				CLANG_WARN__DUPLICATE_METHOD_MATCH = YES;
				COPY_PHASE_STRIP = NO;
				DEBUG_INFORMATION_FORMAT = dwarf;
				DEVELOPMENT_TEAM = N693GNQH6J;
				ENABLE_STRICT_OBJC_MSGSEND = YES;
				ENABLE_TESTABILITY = YES;
				ENABLE_USER_SCRIPT_SANDBOXING = YES;
				GCC_C_LANGUAGE_STANDARD = gnu17;
				GCC_DYNAMIC_NO_PIC = NO;
				GCC_NO_COMMON_BLOCKS = YES;
				GCC_OPTIMIZATION_LEVEL = 0;
				GCC_PREPROCESSOR_DEFINITIONS = (
					"DEBUG=1",
					"$(inherited)",
				);
				GCC_WARN_64_TO_32_BIT_CONVERSION = YES;
				GCC_WARN_ABOUT_RETURN_TYPE = YES_ERROR;
				GCC_WARN_UNDECLARED_SELECTOR = YES;
				GCC_WARN_UNINITIALIZED_AUTOS = YES_AGGRESSIVE;
				GCC_WARN_UNUSED_FUNCTION = YES;
				GCC_WARN_UNUSED_VARIABLE = YES;
				IPHONEOS_DEPLOYMENT_TARGET = 18.5;
				LOCALIZATION_PREFERS_STRING_CATALOGS = YES;
				MTL_ENABLE_DEBUG_INFO = INCLUDE_SOURCE;
				MTL_FAST_MATH = YES;
				ONLY_ACTIVE_ARCH = YES;
				SDKROOT = iphoneos;
				SWIFT_ACTIVE_COMPILATION_CONDITIONS = "DEBUG $(inherited)";
				SWIFT_OPTIMIZATION_LEVEL = "-Onone";
			};
			name = Debug;
		};
		0306120D2DF4BA4C0013F7AF /* Release */ = {
			isa = XCBuildConfiguration;
			buildSettings = {
				ALWAYS_SEARCH_USER_PATHS = NO;
				ASSETCATALOG_COMPILER_GENERATE_SWIFT_ASSET_SYMBOL_EXTENSIONS = YES;
				CLANG_ANALYZER_NONNULL = YES;
				CLANG_ANALYZER_NUMBER_OBJECT_CONVERSION = YES_AGGRESSIVE;
				CLANG_CXX_LANGUAGE_STANDARD = "gnu++20";
				CLANG_ENABLE_MODULES = YES;
				CLANG_ENABLE_OBJC_ARC = YES;
				CLANG_ENABLE_OBJC_WEAK = YES;
				CLANG_WARN_BLOCK_CAPTURE_AUTORELEASING = YES;
				CLANG_WARN_BOOL_CONVERSION = YES;
				CLANG_WARN_COMMA = YES;
				CLANG_WARN_CONSTANT_CONVERSION = YES;
				CLANG_WARN_DEPRECATED_OBJC_IMPLEMENTATIONS = YES;
				CLANG_WARN_DIRECT_OBJC_ISA_USAGE = YES_ERROR;
				CLANG_WARN_DOCUMENTATION_COMMENTS = YES;
				CLANG_WARN_EMPTY_BODY = YES;
				CLANG_WARN_ENUM_CONVERSION = YES;
				CLANG_WARN_INFINITE_RECURSION = YES;
				CLANG_WARN_INT_CONVERSION = YES;
				CLANG_WARN_NON_LITERAL_NULL_CONVERSION = YES;
				CLANG_WARN_OBJC_IMPLICIT_RETAIN_SELF = YES;
				CLANG_WARN_OBJC_LITERAL_CONVERSION = YES;
				CLANG_WARN_OBJC_ROOT_CLASS = YES_ERROR;
				CLANG_WARN_QUOTED_INCLUDE_IN_FRAMEWORK_HEADER = YES;
				CLANG_WARN_RANGE_LOOP_ANALYSIS = YES;
				CLANG_WARN_STRICT_PROTOTYPES = YES;
				CLANG_WARN_SUSPICIOUS_MOVE = YES;
				CLANG_WARN_UNGUARDED_AVAILABILITY = YES_AGGRESSIVE;
				CLANG_WARN_UNREACHABLE_CODE = YES;
				CLANG_WARN__DUPLICATE_METHOD_MATCH = YES;
				COPY_PHASE_STRIP = NO;
				DEBUG_INFORMATION_FORMAT = "dwarf-with-dsym";
				DEVELOPMENT_TEAM = N693GNQH6J;
				ENABLE_NS_ASSERTIONS = NO;
				ENABLE_STRICT_OBJC_MSGSEND = YES;
				ENABLE_USER_SCRIPT_SANDBOXING = YES;
				GCC_C_LANGUAGE_STANDARD = gnu17;
				GCC_NO_COMMON_BLOCKS = YES;
				GCC_WARN_64_TO_32_BIT_CONVERSION = YES;
				GCC_WARN_ABOUT_RETURN_TYPE = YES_ERROR;
				GCC_WARN_UNDECLARED_SELECTOR = YES;
				GCC_WARN_UNINITIALIZED_AUTOS = YES_AGGRESSIVE;
				GCC_WARN_UNUSED_FUNCTION = YES;
				GCC_WARN_UNUSED_VARIABLE = YES;
				IPHONEOS_DEPLOYMENT_TARGET = 18.5;
				LOCALIZATION_PREFERS_STRING_CATALOGS = YES;
				MTL_ENABLE_DEBUG_INFO = NO;
				MTL_FAST_MATH = YES;
				SDKROOT = iphoneos;
				SWIFT_COMPILATION_MODE = wholemodule;
				VALIDATE_PRODUCT = YES;
			};
			name = Release;
		};
		0306120F2DF4BA4C0013F7AF /* Debug */ = {
			isa = XCBuildConfiguration;
			buildSettings = {
				ASSETCATALOG_COMPILER_APPICON_NAME = AppIcon;
				ASSETCATALOG_COMPILER_GLOBAL_ACCENT_COLOR_NAME = AccentColor;
				CODE_SIGN_STYLE = Automatic;
				CURRENT_PROJECT_VERSION = 1;
				DEVELOPMENT_TEAM = N693GNQH6J;
				ENABLE_PREVIEWS = YES;
				GENERATE_INFOPLIST_FILE = YES;
				INFOPLIST_FILE = CineMate/Info.plist;
				INFOPLIST_KEY_UIApplicationSceneManifest_Generation = YES;
				INFOPLIST_KEY_UIApplicationSupportsIndirectInputEvents = YES;
				INFOPLIST_KEY_UILaunchScreen_Generation = YES;
				INFOPLIST_KEY_UISupportedInterfaceOrientations = UIInterfaceOrientationPortrait;
				IPHONEOS_DEPLOYMENT_TARGET = 17.4;
				LD_RUNPATH_SEARCH_PATHS = (
					"$(inherited)",
					"@executable_path/Frameworks",
				);
				MARKETING_VERSION = 1.0;
				PRODUCT_BUNDLE_IDENTIFIER = com.nicholasgaete.CineMate;
				PRODUCT_NAME = "$(TARGET_NAME)";
				SWIFT_EMIT_LOC_STRINGS = YES;
				SWIFT_VERSION = 5.0;
				TARGETED_DEVICE_FAMILY = "1,2";
			};
			name = Debug;
		};
		030612102DF4BA4C0013F7AF /* Release */ = {
			isa = XCBuildConfiguration;
			buildSettings = {
				ASSETCATALOG_COMPILER_APPICON_NAME = AppIcon;
				ASSETCATALOG_COMPILER_GLOBAL_ACCENT_COLOR_NAME = AccentColor;
				CODE_SIGN_STYLE = Automatic;
				CURRENT_PROJECT_VERSION = 1;
				DEVELOPMENT_TEAM = N693GNQH6J;
				ENABLE_PREVIEWS = YES;
				GENERATE_INFOPLIST_FILE = YES;
				INFOPLIST_FILE = CineMate/Info.plist;
				INFOPLIST_KEY_UIApplicationSceneManifest_Generation = YES;
				INFOPLIST_KEY_UIApplicationSupportsIndirectInputEvents = YES;
				INFOPLIST_KEY_UILaunchScreen_Generation = YES;
				INFOPLIST_KEY_UISupportedInterfaceOrientations = UIInterfaceOrientationPortrait;
				IPHONEOS_DEPLOYMENT_TARGET = 17.4;
				LD_RUNPATH_SEARCH_PATHS = (
					"$(inherited)",
					"@executable_path/Frameworks",
				);
				MARKETING_VERSION = 1.0;
				PRODUCT_BUNDLE_IDENTIFIER = com.nicholasgaete.CineMate;
				PRODUCT_NAME = "$(TARGET_NAME)";
				SWIFT_EMIT_LOC_STRINGS = YES;
				SWIFT_VERSION = 5.0;
				TARGETED_DEVICE_FAMILY = "1,2";
			};
			name = Release;
		};
/* End XCBuildConfiguration section */

/* Begin XCConfigurationList section */
		030611FE2DF4BA4B0013F7AF /* Build configuration list for PBXProject "CineMate" */ = {
			isa = XCConfigurationList;
			buildConfigurations = (
				0306120C2DF4BA4C0013F7AF /* Debug */,
				0306120D2DF4BA4C0013F7AF /* Release */,
			);
			defaultConfigurationIsVisible = 0;
			defaultConfigurationName = Release;
		};
		0306120E2DF4BA4C0013F7AF /* Build configuration list for PBXNativeTarget "CineMate" */ = {
			isa = XCConfigurationList;
			buildConfigurations = (
				0306120F2DF4BA4C0013F7AF /* Debug */,
				030612102DF4BA4C0013F7AF /* Release */,
			);
			defaultConfigurationIsVisible = 0;
			defaultConfigurationName = Release;
		};
/* End XCConfigurationList section */
	};
	rootObject = 030611FB2DF4BA4B0013F7AF /* Project object */;
}
