// !$*UTF8*$!
{
	archiveVersion = 1;
	classes = {
	};
	objectVersion = 63;
	objects = {

/* Begin PBXBuildFile section */
		030612292DF4BEB40013F7AF /* Assets.xcassets in Resources */ = {isa = PBXBuildFile; fileRef = 030612242DF4BEB40013F7AF /* Assets.xcassets */; };
		0306122A2DF4BEB40013F7AF /* Secrets.plist in Resources */ = {isa = PBXBuildFile; fileRef = 030612272DF4BEB40013F7AF /* Secrets.plist */; };
		0306122B2DF4BEB40013F7AF /* CineMateApp.swift in Sources */ = {isa = PBXBuildFile; fileRef = 030612252DF4BEB40013F7AF /* CineMateApp.swift */; };
		030612342DF4BF4E0013F7AF /* Movie.swift in Sources */ = {isa = PBXBuildFile; fileRef = 030612332DF4BF4E0013F7AF /* Movie.swift */; };
		030612472DF4C05C0013F7AF /* SecretManager.swift in Sources */ = {isa = PBXBuildFile; fileRef = 030612462DF4C05C0013F7AF /* SecretManager.swift */; };
		030612492DF4C07F0013F7AF /* TMDBService.swift in Sources */ = {isa = PBXBuildFile; fileRef = 030612482DF4C07F0013F7AF /* TMDBService.swift */; };
		0306124B2DF4C3BE0013F7AF /* MovieProtocol.swift in Sources */ = {isa = PBXBuildFile; fileRef = 0306124A2DF4C3BE0013F7AF /* MovieProtocol.swift */; };
		0306124D2DF4C3DF0013F7AF /* MovieRepository.swift in Sources */ = {isa = PBXBuildFile; fileRef = 0306124C2DF4C3DF0013F7AF /* MovieRepository.swift */; };
		0306124F2DF4C7960013F7AF /* MovieViewModel.swift in Sources */ = {isa = PBXBuildFile; fileRef = 0306124E2DF4C7960013F7AF /* MovieViewModel.swift */; };
		030612632DF4CD5F0013F7AF /* MovieRowView.swift in Sources */ = {isa = PBXBuildFile; fileRef = 030612622DF4CD5F0013F7AF /* MovieRowView.swift */; };
		030612652DF4CDAD0013F7AF /* PreviewData.swift in Sources */ = {isa = PBXBuildFile; fileRef = 030612642DF4CDAD0013F7AF /* PreviewData.swift */; };
		030612672DF4E5800013F7AF /* MovieListView.swift in Sources */ = {isa = PBXBuildFile; fileRef = 030612662DF4E5800013F7AF /* MovieListView.swift */; };
		030CA7A72DF8CADA00771212 /* MovieDetailInfoView.swift in Sources */ = {isa = PBXBuildFile; fileRef = 030CA7A62DF8CADA00771212 /* MovieDetailInfoView.swift */; };
		0368AF902DF58064009B1F56 /* PosterImageView.swift in Sources */ = {isa = PBXBuildFile; fileRef = 0368AF8F2DF58064009B1F56 /* PosterImageView.swift */; };
		0368AF922DF5BB3C009B1F56 /* MovieRowDetails.swift in Sources */ = {isa = PBXBuildFile; fileRef = 0368AF912DF5BB3C009B1F56 /* MovieRowDetails.swift */; };
		0368AF942DF5BFB1009B1F56 /* MovieRowView+Previews.swift in Sources */ = {isa = PBXBuildFile; fileRef = 0368AF932DF5BFB1009B1F56 /* MovieRowView+Previews.swift */; };
		0368AFC12DF61333009B1F56 /* MovieCategory.swift in Sources */ = {isa = PBXBuildFile; fileRef = 0368AFC02DF61333009B1F56 /* MovieCategory.swift */; };
		0368AFC32DF61FA3009B1F56 /* MovieCategoryPicker.swift in Sources */ = {isa = PBXBuildFile; fileRef = 0368AFC22DF61FA3009B1F56 /* MovieCategoryPicker.swift */; };
		0368AFC52DF62312009B1F56 /* MovieListContentView.swift in Sources */ = {isa = PBXBuildFile; fileRef = 0368AFC42DF62312009B1F56 /* MovieListContentView.swift */; };
		0368AFC72DF62A7A009B1F56 /* MockMovieRepository.swift in Sources */ = {isa = PBXBuildFile; fileRef = 0368AFC62DF62A7A009B1F56 /* MockMovieRepository.swift */; };
		0368AFC92DF62D3F009B1F56 /* MockMovieViewModel.swift in Sources */ = {isa = PBXBuildFile; fileRef = 0368AFC82DF62D3F009B1F56 /* MockMovieViewModel.swift */; };
		0368AFCB2DF63125009B1F56 /* MovieListView+Previews.swift in Sources */ = {isa = PBXBuildFile; fileRef = 0368AFCA2DF63125009B1F56 /* MovieListView+Previews.swift */; };
		0381F4D32DFA261400AC2ABB /* MovieGenresView.swift in Sources */ = {isa = PBXBuildFile; fileRef = 0381F4D22DFA261400AC2ABB /* MovieGenresView.swift */; };
		0381F4D52DFA271800AC2ABB /* TMDBLinkButtonView.swift in Sources */ = {isa = PBXBuildFile; fileRef = 0381F4D42DFA271800AC2ABB /* TMDBLinkButtonView.swift */; };
		03A620C62DF7782C00C075E8 /* MovieDetailView.swift in Sources */ = {isa = PBXBuildFile; fileRef = 03A620C52DF7782C00C075E8 /* MovieDetailView.swift */; };
		03C016262DFA062E0028F421 /* MovieCreditsView.swift in Sources */ = {isa = PBXBuildFile; fileRef = 03C016252DFA062E0028F421 /* MovieCreditsView.swift */; };
		03C016292DFA1ED20028F421 /* MovieShareItem.swift in Sources */ = {isa = PBXBuildFile; fileRef = 03C016282DFA1ED20028F421 /* MovieShareItem.swift */; };
		03C0162B2DFA1EF80028F421 /* ShareHelper.swift in Sources */ = {isa = PBXBuildFile; fileRef = 03C0162A2DFA1EF80028F421 /* ShareHelper.swift */; };
		03C0162D2DFA1FD20028F421 /* ShareButtonView.swift in Sources */ = {isa = PBXBuildFile; fileRef = 03C0162C2DFA1FD20028F421 /* ShareButtonView.swift */; };
		03E3557E2DF9C060001F1001 /* MovieCredits.swift in Sources */ = {isa = PBXBuildFile; fileRef = 03E3557D2DF9C060001F1001 /* MovieCredits.swift */; };
/* End PBXBuildFile section */

/* Begin PBXFileReference section */
		030612032DF4BA4B0013F7AF /* CineMate.app */ = {isa = PBXFileReference; explicitFileType = wrapper.application; includeInIndex = 0; path = CineMate.app; sourceTree = BUILT_PRODUCTS_DIR; };
		030612242DF4BEB40013F7AF /* Assets.xcassets */ = {isa = PBXFileReference; lastKnownFileType = folder.assetcatalog; path = Assets.xcassets; sourceTree = "<group>"; };
		030612252DF4BEB40013F7AF /* CineMateApp.swift */ = {isa = PBXFileReference; lastKnownFileType = sourcecode.swift; path = CineMateApp.swift; sourceTree = "<group>"; };
		030612272DF4BEB40013F7AF /* Secrets.plist */ = {isa = PBXFileReference; lastKnownFileType = text.plist.xml; path = Secrets.plist; sourceTree = "<group>"; };
		030612332DF4BF4E0013F7AF /* Movie.swift */ = {isa = PBXFileReference; lastKnownFileType = sourcecode.swift; path = Movie.swift; sourceTree = "<group>"; };
		030612462DF4C05C0013F7AF /* SecretManager.swift */ = {isa = PBXFileReference; lastKnownFileType = sourcecode.swift; path = SecretManager.swift; sourceTree = "<group>"; };
		030612482DF4C07F0013F7AF /* TMDBService.swift */ = {isa = PBXFileReference; lastKnownFileType = sourcecode.swift; path = TMDBService.swift; sourceTree = "<group>"; };
		0306124A2DF4C3BE0013F7AF /* MovieProtocol.swift */ = {isa = PBXFileReference; lastKnownFileType = sourcecode.swift; path = MovieProtocol.swift; sourceTree = "<group>"; };
		0306124C2DF4C3DF0013F7AF /* MovieRepository.swift */ = {isa = PBXFileReference; lastKnownFileType = sourcecode.swift; path = MovieRepository.swift; sourceTree = "<group>"; };
		0306124E2DF4C7960013F7AF /* MovieViewModel.swift */ = {isa = PBXFileReference; lastKnownFileType = sourcecode.swift; path = MovieViewModel.swift; sourceTree = "<group>"; };
		030612622DF4CD5F0013F7AF /* MovieRowView.swift */ = {isa = PBXFileReference; lastKnownFileType = sourcecode.swift; path = MovieRowView.swift; sourceTree = "<group>"; };
		030612642DF4CDAD0013F7AF /* PreviewData.swift */ = {isa = PBXFileReference; lastKnownFileType = sourcecode.swift; path = PreviewData.swift; sourceTree = "<group>"; };
		030612662DF4E5800013F7AF /* MovieListView.swift */ = {isa = PBXFileReference; lastKnownFileType = sourcecode.swift; path = MovieListView.swift; sourceTree = "<group>"; };
		030CA7A62DF8CADA00771212 /* MovieDetailInfoView.swift */ = {isa = PBXFileReference; lastKnownFileType = sourcecode.swift; path = MovieDetailInfoView.swift; sourceTree = "<group>"; };
		0368AF8F2DF58064009B1F56 /* PosterImageView.swift */ = {isa = PBXFileReference; lastKnownFileType = sourcecode.swift; path = PosterImageView.swift; sourceTree = "<group>"; };
		0368AF912DF5BB3C009B1F56 /* MovieRowDetails.swift */ = {isa = PBXFileReference; lastKnownFileType = sourcecode.swift; path = MovieRowDetails.swift; sourceTree = "<group>"; };
		0368AF932DF5BFB1009B1F56 /* MovieRowView+Previews.swift */ = {isa = PBXFileReference; lastKnownFileType = sourcecode.swift; path = "MovieRowView+Previews.swift"; sourceTree = "<group>"; };
		0368AFC02DF61333009B1F56 /* MovieCategory.swift */ = {isa = PBXFileReference; lastKnownFileType = sourcecode.swift; path = MovieCategory.swift; sourceTree = "<group>"; };
		0368AFC22DF61FA3009B1F56 /* MovieCategoryPicker.swift */ = {isa = PBXFileReference; lastKnownFileType = sourcecode.swift; path = MovieCategoryPicker.swift; sourceTree = "<group>"; };
		0368AFC42DF62312009B1F56 /* MovieListContentView.swift */ = {isa = PBXFileReference; lastKnownFileType = sourcecode.swift; path = MovieListContentView.swift; sourceTree = "<group>"; };
		0368AFC62DF62A7A009B1F56 /* MockMovieRepository.swift */ = {isa = PBXFileReference; lastKnownFileType = sourcecode.swift; path = MockMovieRepository.swift; sourceTree = "<group>"; };
		0368AFC82DF62D3F009B1F56 /* MockMovieViewModel.swift */ = {isa = PBXFileReference; lastKnownFileType = sourcecode.swift; path = MockMovieViewModel.swift; sourceTree = "<group>"; };
		0368AFCA2DF63125009B1F56 /* MovieListView+Previews.swift */ = {isa = PBXFileReference; lastKnownFileType = sourcecode.swift; path = "MovieListView+Previews.swift"; sourceTree = "<group>"; };
		0381F4D22DFA261400AC2ABB /* MovieGenresView.swift */ = {isa = PBXFileReference; lastKnownFileType = sourcecode.swift; path = MovieGenresView.swift; sourceTree = "<group>"; };
		0381F4D42DFA271800AC2ABB /* TMDBLinkButtonView.swift */ = {isa = PBXFileReference; lastKnownFileType = sourcecode.swift; path = TMDBLinkButtonView.swift; sourceTree = "<group>"; };
		03A620C52DF7782C00C075E8 /* MovieDetailView.swift */ = {isa = PBXFileReference; lastKnownFileType = sourcecode.swift; path = MovieDetailView.swift; sourceTree = "<group>"; };
		03C016252DFA062E0028F421 /* MovieCreditsView.swift */ = {isa = PBXFileReference; lastKnownFileType = sourcecode.swift; path = MovieCreditsView.swift; sourceTree = "<group>"; };
		03C016282DFA1ED20028F421 /* MovieShareItem.swift */ = {isa = PBXFileReference; lastKnownFileType = sourcecode.swift; path = MovieShareItem.swift; sourceTree = "<group>"; };
		03C0162A2DFA1EF80028F421 /* ShareHelper.swift */ = {isa = PBXFileReference; lastKnownFileType = sourcecode.swift; path = ShareHelper.swift; sourceTree = "<group>"; };
		03C0162C2DFA1FD20028F421 /* ShareButtonView.swift */ = {isa = PBXFileReference; lastKnownFileType = sourcecode.swift; path = ShareButtonView.swift; sourceTree = "<group>"; };
		03E3557D2DF9C060001F1001 /* MovieCredits.swift */ = {isa = PBXFileReference; lastKnownFileType = sourcecode.swift; path = MovieCredits.swift; sourceTree = "<group>"; };
/* End PBXFileReference section */

/* Begin PBXFrameworksBuildPhase section */
		030612002DF4BA4B0013F7AF /* Frameworks */ = {
			isa = PBXFrameworksBuildPhase;
			buildActionMask = 2147483647;
			files = (
			);
			runOnlyForDeploymentPostprocessing = 0;
		};
/* End PBXFrameworksBuildPhase section */

/* Begin PBXGroup section */
		030611FA2DF4BA4B0013F7AF = {
			isa = PBXGroup;
			children = (
				030612282DF4BEB40013F7AF /* CineMate */,
				030612042DF4BA4B0013F7AF /* Products */,
			);
			sourceTree = "<group>";
		};
		030612042DF4BA4B0013F7AF /* Products */ = {
			isa = PBXGroup;
			children = (
				030612032DF4BA4B0013F7AF /* CineMate.app */,
			);
			name = Products;
			sourceTree = "<group>";
		};
		030612282DF4BEB40013F7AF /* CineMate */ = {
			isa = PBXGroup;
			children = (
				03A620C02DF774CA00C075E8 /* Features */,
				0368AFCD2DF6362F009B1F56 /* UI */,
				0368AFCC2DF63611009B1F56 /* Mocks */,
				030612322DF4BEE90013F7AF /* Resources */,
				030612312DF4BEE10013F7AF /* Views */,
				030612302DF4BED90013F7AF /* ViewModels */,
				0306122F2DF4BED10013F7AF /* Repository */,
				0306122E2DF4BEC90013F7AF /* Networking */,
				0306122D2DF4BEC30013F7AF /* Models */,
				030612252DF4BEB40013F7AF /* CineMateApp.swift */,
			);
			path = CineMate;
			sourceTree = "<group>";
		};
		0306122D2DF4BEC30013F7AF /* Models */ = {
			isa = PBXGroup;
			children = (
				030612332DF4BF4E0013F7AF /* Movie.swift */,
				030612462DF4C05C0013F7AF /* SecretManager.swift */,
				0368AFC02DF61333009B1F56 /* MovieCategory.swift */,
				03E3557D2DF9C060001F1001 /* MovieCredits.swift */,
			);
			path = Models;
			sourceTree = "<group>";
		};
		0306122E2DF4BEC90013F7AF /* Networking */ = {
			isa = PBXGroup;
			children = (
				030612482DF4C07F0013F7AF /* TMDBService.swift */,
			);
			path = Networking;
			sourceTree = "<group>";
		};
		0306122F2DF4BED10013F7AF /* Repository */ = {
			isa = PBXGroup;
			children = (
				0306124C2DF4C3DF0013F7AF /* MovieRepository.swift */,
				0306124A2DF4C3BE0013F7AF /* MovieProtocol.swift */,
			);
			path = Repository;
			sourceTree = "<group>";
		};
		030612302DF4BED90013F7AF /* ViewModels */ = {
			isa = PBXGroup;
			children = (
				0306124E2DF4C7960013F7AF /* MovieViewModel.swift */,
			);
			path = ViewModels;
			sourceTree = "<group>";
		};
		030612312DF4BEE10013F7AF /* Views */ = {
			isa = PBXGroup;
			children = (
				0368AFCA2DF63125009B1F56 /* MovieListView+Previews.swift */,
				0381F4D22DFA261400AC2ABB /* MovieGenresView.swift */,
				0381F4D42DFA271800AC2ABB /* TMDBLinkButtonView.swift */,
			);
			path = Views;
			sourceTree = "<group>";
		};
		030612322DF4BEE90013F7AF /* Resources */ = {
			isa = PBXGroup;
			children = (
				030612242DF4BEB40013F7AF /* Assets.xcassets */,
				030612272DF4BEB40013F7AF /* Secrets.plist */,
			);
			path = Resources;
			sourceTree = "<group>";
		};
		030612612DF4CD3F0013F7AF /* Components */ = {
			isa = PBXGroup;
			children = (
				03C016272DFA1E970028F421 /* ShareButton */,
				030612622DF4CD5F0013F7AF /* MovieRowView.swift */,
				0368AF932DF5BFB1009B1F56 /* MovieRowView+Previews.swift */,
				030612642DF4CDAD0013F7AF /* PreviewData.swift */,
				0368AF8F2DF58064009B1F56 /* PosterImageView.swift */,
				0368AF912DF5BB3C009B1F56 /* MovieRowDetails.swift */,
				0368AFC22DF61FA3009B1F56 /* MovieCategoryPicker.swift */,
			);
			path = Components;
			sourceTree = "<group>";
		};
		0368AFCC2DF63611009B1F56 /* Mocks */ = {
			isa = PBXGroup;
			children = (
				0368AFC82DF62D3F009B1F56 /* MockMovieViewModel.swift */,
				0368AFC62DF62A7A009B1F56 /* MockMovieRepository.swift */,
			);
			path = Mocks;
			sourceTree = "<group>";
		};
		0368AFCD2DF6362F009B1F56 /* UI */ = {
			isa = PBXGroup;
			children = (
				030612612DF4CD3F0013F7AF /* Components */,
			);
			path = UI;
			sourceTree = "<group>";
		};
		03A620C02DF774CA00C075E8 /* Features */ = {
			isa = PBXGroup;
			children = (
				03A620C22DF7751B00C075E8 /* MovieDetail */,
				03A620C12DF774D400C075E8 /* MovieList */,
			);
			path = Features;
			sourceTree = "<group>";
		};
		03A620C12DF774D400C075E8 /* MovieList */ = {
			isa = PBXGroup;
			children = (
				03A620C32DF7765D00C075E8 /* Views */,
			);
			path = MovieList;
			sourceTree = "<group>";
		};
		03A620C22DF7751B00C075E8 /* MovieDetail */ = {
			isa = PBXGroup;
			children = (
				03A620C52DF7782C00C075E8 /* MovieDetailView.swift */,
				030CA7A62DF8CADA00771212 /* MovieDetailInfoView.swift */,
				03C016252DFA062E0028F421 /* MovieCreditsView.swift */,
			);
			path = MovieDetail;
			sourceTree = "<group>";
		};
		03A620C32DF7765D00C075E8 /* Views */ = {
			isa = PBXGroup;
			children = (
				030612662DF4E5800013F7AF /* MovieListView.swift */,
				0368AFC42DF62312009B1F56 /* MovieListContentView.swift */,
			);
			path = Views;
			sourceTree = "<group>";
		};
		03C016272DFA1E970028F421 /* ShareButton */ = {
			isa = PBXGroup;
			children = (
				03C016282DFA1ED20028F421 /* MovieShareItem.swift */,
				03C0162A2DFA1EF80028F421 /* ShareHelper.swift */,
				03C0162C2DFA1FD20028F421 /* ShareButtonView.swift */,
			);
			path = ShareButton;
			sourceTree = "<group>";
		};
/* End PBXGroup section */

/* Begin PBXNativeTarget section */
		030612022DF4BA4B0013F7AF /* CineMate */ = {
			isa = PBXNativeTarget;
			buildConfigurationList = 0306120E2DF4BA4C0013F7AF /* Build configuration list for PBXNativeTarget "CineMate" */;
			buildPhases = (
				030611FF2DF4BA4B0013F7AF /* Sources */,
				030612002DF4BA4B0013F7AF /* Frameworks */,
				030612012DF4BA4B0013F7AF /* Resources */,
			);
			buildRules = (
			);
			dependencies = (
			);
			name = CineMate;
			packageProductDependencies = (
			);
			productName = CineMate;
			productReference = 030612032DF4BA4B0013F7AF /* CineMate.app */;
			productType = "com.apple.product-type.application";
		};
/* End PBXNativeTarget section */

/* Begin PBXProject section */
		030611FB2DF4BA4B0013F7AF /* Project object */ = {
			isa = PBXProject;
			attributes = {
				BuildIndependentTargetsInParallel = 1;
				LastSwiftUpdateCheck = 1640;
				LastUpgradeCheck = 1640;
				TargetAttributes = {
					030612022DF4BA4B0013F7AF = {
						CreatedOnToolsVersion = 16.4;
					};
				};
			};
			buildConfigurationList = 030611FE2DF4BA4B0013F7AF /* Build configuration list for PBXProject "CineMate" */;
			compatibilityVersion = "Xcode 15.3";
			developmentRegion = en;
			hasScannedForEncodings = 0;
			knownRegions = (
				en,
				Base,
			);
			mainGroup = 030611FA2DF4BA4B0013F7AF;
			minimizedProjectReferenceProxies = 1;
			productRefGroup = 030612042DF4BA4B0013F7AF /* Products */;
			projectDirPath = "";
			projectRoot = "";
			targets = (
				030612022DF4BA4B0013F7AF /* CineMate */,
			);
		};
/* End PBXProject section */

/* Begin PBXResourcesBuildPhase section */
		030612012DF4BA4B0013F7AF /* Resources */ = {
			isa = PBXResourcesBuildPhase;
			buildActionMask = 2147483647;
			files = (
				030612292DF4BEB40013F7AF /* Assets.xcassets in Resources */,
				0306122A2DF4BEB40013F7AF /* Secrets.plist in Resources */,
			);
			runOnlyForDeploymentPostprocessing = 0;
		};
/* End PBXResourcesBuildPhase section */

/* Begin PBXSourcesBuildPhase section */
		030611FF2DF4BA4B0013F7AF /* Sources */ = {
			isa = PBXSourcesBuildPhase;
			buildActionMask = 2147483647;
			files = (
				0368AFC32DF61FA3009B1F56 /* MovieCategoryPicker.swift in Sources */,
				030612652DF4CDAD0013F7AF /* PreviewData.swift in Sources */,
				030612672DF4E5800013F7AF /* MovieListView.swift in Sources */,
				030612492DF4C07F0013F7AF /* TMDBService.swift in Sources */,
				0368AF922DF5BB3C009B1F56 /* MovieRowDetails.swift in Sources */,
				030612632DF4CD5F0013F7AF /* MovieRowView.swift in Sources */,
				0306122B2DF4BEB40013F7AF /* CineMateApp.swift in Sources */,
				0306124B2DF4C3BE0013F7AF /* MovieProtocol.swift in Sources */,
				030CA7A72DF8CADA00771212 /* MovieDetailInfoView.swift in Sources */,
				03C016292DFA1ED20028F421 /* MovieShareItem.swift in Sources */,
				0368AFCB2DF63125009B1F56 /* MovieListView+Previews.swift in Sources */,
				0381F4D52DFA271800AC2ABB /* TMDBLinkButtonView.swift in Sources */,
				0306124F2DF4C7960013F7AF /* MovieViewModel.swift in Sources */,
				0381F4D32DFA261400AC2ABB /* MovieGenresView.swift in Sources */,
				03A620C62DF7782C00C075E8 /* MovieDetailView.swift in Sources */,
				0368AF902DF58064009B1F56 /* PosterImageView.swift in Sources */,
				03C0162D2DFA1FD20028F421 /* ShareButtonView.swift in Sources */,
				0368AFC92DF62D3F009B1F56 /* MockMovieViewModel.swift in Sources */,
				0306124D2DF4C3DF0013F7AF /* MovieRepository.swift in Sources */,
				03E3557E2DF9C060001F1001 /* MovieCredits.swift in Sources */,
				03C016262DFA062E0028F421 /* MovieCreditsView.swift in Sources */,
				0368AFC72DF62A7A009B1F56 /* MockMovieRepository.swift in Sources */,
				030612342DF4BF4E0013F7AF /* Movie.swift in Sources */,
				0368AFC52DF62312009B1F56 /* MovieListContentView.swift in Sources */,
				0368AFC12DF61333009B1F56 /* MovieCategory.swift in Sources */,
				030612472DF4C05C0013F7AF /* SecretManager.swift in Sources */,
				03C0162B2DFA1EF80028F421 /* ShareHelper.swift in Sources */,
				0368AF942DF5BFB1009B1F56 /* MovieRowView+Previews.swift in Sources */,
			);
			runOnlyForDeploymentPostprocessing = 0;
		};
/* End PBXSourcesBuildPhase section */

/* Begin XCBuildConfiguration section */
		0306120C2DF4BA4C0013F7AF /* Debug */ = {
			isa = XCBuildConfiguration;
			buildSettings = {
				ALWAYS_SEARCH_USER_PATHS = NO;
				ASSETCATALOG_COMPILER_GENERATE_SWIFT_ASSET_SYMBOL_EXTENSIONS = YES;
				CLANG_ANALYZER_NONNULL = YES;
				CLANG_ANALYZER_NUMBER_OBJECT_CONVERSION = YES_AGGRESSIVE;
				CLANG_CXX_LANGUAGE_STANDARD = "gnu++20";
				CLANG_ENABLE_MODULES = YES;
				CLANG_ENABLE_OBJC_ARC = YES;
				CLANG_ENABLE_OBJC_WEAK = YES;
				CLANG_WARN_BLOCK_CAPTURE_AUTORELEASING = YES;
				CLANG_WARN_BOOL_CONVERSION = YES;
				CLANG_WARN_COMMA = YES;
				CLANG_WARN_CONSTANT_CONVERSION = YES;
				CLANG_WARN_DEPRECATED_OBJC_IMPLEMENTATIONS = YES;
				CLANG_WARN_DIRECT_OBJC_ISA_USAGE = YES_ERROR;
				CLANG_WARN_DOCUMENTATION_COMMENTS = YES;
				CLANG_WARN_EMPTY_BODY = YES;
				CLANG_WARN_ENUM_CONVERSION = YES;
				CLANG_WARN_INFINITE_RECURSION = YES;
				CLANG_WARN_INT_CONVERSION = YES;
				CLANG_WARN_NON_LITERAL_NULL_CONVERSION = YES;
				CLANG_WARN_OBJC_IMPLICIT_RETAIN_SELF = YES;
				CLANG_WARN_OBJC_LITERAL_CONVERSION = YES;
				CLANG_WARN_OBJC_ROOT_CLASS = YES_ERROR;
				CLANG_WARN_QUOTED_INCLUDE_IN_FRAMEWORK_HEADER = YES;
				CLANG_WARN_RANGE_LOOP_ANALYSIS = YES;
				CLANG_WARN_STRICT_PROTOTYPES = YES;
				CLANG_WARN_SUSPICIOUS_MOVE = YES;
				CLANG_WARN_UNGUARDED_AVAILABILITY = YES_AGGRESSIVE;
				CLANG_WARN_UNREACHABLE_CODE = YES;
				CLANG_WARN__DUPLICATE_METHOD_MATCH = YES;
				COPY_PHASE_STRIP = NO;
				DEBUG_INFORMATION_FORMAT = dwarf;
				DEVELOPMENT_TEAM = N693GNQH6J;
				ENABLE_STRICT_OBJC_MSGSEND = YES;
				ENABLE_TESTABILITY = YES;
				ENABLE_USER_SCRIPT_SANDBOXING = YES;
				GCC_C_LANGUAGE_STANDARD = gnu17;
				GCC_DYNAMIC_NO_PIC = NO;
				GCC_NO_COMMON_BLOCKS = YES;
				GCC_OPTIMIZATION_LEVEL = 0;
				GCC_PREPROCESSOR_DEFINITIONS = (
					"DEBUG=1",
					"$(inherited)",
				);
				GCC_WARN_64_TO_32_BIT_CONVERSION = YES;
				GCC_WARN_ABOUT_RETURN_TYPE = YES_ERROR;
				GCC_WARN_UNDECLARED_SELECTOR = YES;
				GCC_WARN_UNINITIALIZED_AUTOS = YES_AGGRESSIVE;
				GCC_WARN_UNUSED_FUNCTION = YES;
				GCC_WARN_UNUSED_VARIABLE = YES;
				IPHONEOS_DEPLOYMENT_TARGET = 18.5;
				LOCALIZATION_PREFERS_STRING_CATALOGS = YES;
				MTL_ENABLE_DEBUG_INFO = INCLUDE_SOURCE;
				MTL_FAST_MATH = YES;
				ONLY_ACTIVE_ARCH = YES;
				SDKROOT = iphoneos;
				SWIFT_ACTIVE_COMPILATION_CONDITIONS = "DEBUG $(inherited)";
				SWIFT_OPTIMIZATION_LEVEL = "-Onone";
			};
			name = Debug;
		};
		0306120D2DF4BA4C0013F7AF /* Release */ = {
			isa = XCBuildConfiguration;
			buildSettings = {
				ALWAYS_SEARCH_USER_PATHS = NO;
				ASSETCATALOG_COMPILER_GENERATE_SWIFT_ASSET_SYMBOL_EXTENSIONS = YES;
				CLANG_ANALYZER_NONNULL = YES;
				CLANG_ANALYZER_NUMBER_OBJECT_CONVERSION = YES_AGGRESSIVE;
				CLANG_CXX_LANGUAGE_STANDARD = "gnu++20";
				CLANG_ENABLE_MODULES = YES;
				CLANG_ENABLE_OBJC_ARC = YES;
				CLANG_ENABLE_OBJC_WEAK = YES;
				CLANG_WARN_BLOCK_CAPTURE_AUTORELEASING = YES;
				CLANG_WARN_BOOL_CONVERSION = YES;
				CLANG_WARN_COMMA = YES;
				CLANG_WARN_CONSTANT_CONVERSION = YES;
				CLANG_WARN_DEPRECATED_OBJC_IMPLEMENTATIONS = YES;
				CLANG_WARN_DIRECT_OBJC_ISA_USAGE = YES_ERROR;
				CLANG_WARN_DOCUMENTATION_COMMENTS = YES;
				CLANG_WARN_EMPTY_BODY = YES;
				CLANG_WARN_ENUM_CONVERSION = YES;
				CLANG_WARN_INFINITE_RECURSION = YES;
				CLANG_WARN_INT_CONVERSION = YES;
				CLANG_WARN_NON_LITERAL_NULL_CONVERSION = YES;
				CLANG_WARN_OBJC_IMPLICIT_RETAIN_SELF = YES;
				CLANG_WARN_OBJC_LITERAL_CONVERSION = YES;
				CLANG_WARN_OBJC_ROOT_CLASS = YES_ERROR;
				CLANG_WARN_QUOTED_INCLUDE_IN_FRAMEWORK_HEADER = YES;
				CLANG_WARN_RANGE_LOOP_ANALYSIS = YES;
				CLANG_WARN_STRICT_PROTOTYPES = YES;
				CLANG_WARN_SUSPICIOUS_MOVE = YES;
				CLANG_WARN_UNGUARDED_AVAILABILITY = YES_AGGRESSIVE;
				CLANG_WARN_UNREACHABLE_CODE = YES;
				CLANG_WARN__DUPLICATE_METHOD_MATCH = YES;
				COPY_PHASE_STRIP = NO;
				DEBUG_INFORMATION_FORMAT = "dwarf-with-dsym";
				DEVELOPMENT_TEAM = N693GNQH6J;
				ENABLE_NS_ASSERTIONS = NO;
				ENABLE_STRICT_OBJC_MSGSEND = YES;
				ENABLE_USER_SCRIPT_SANDBOXING = YES;
				GCC_C_LANGUAGE_STANDARD = gnu17;
				GCC_NO_COMMON_BLOCKS = YES;
				GCC_WARN_64_TO_32_BIT_CONVERSION = YES;
				GCC_WARN_ABOUT_RETURN_TYPE = YES_ERROR;
				GCC_WARN_UNDECLARED_SELECTOR = YES;
				GCC_WARN_UNINITIALIZED_AUTOS = YES_AGGRESSIVE;
				GCC_WARN_UNUSED_FUNCTION = YES;
				GCC_WARN_UNUSED_VARIABLE = YES;
				IPHONEOS_DEPLOYMENT_TARGET = 18.5;
				LOCALIZATION_PREFERS_STRING_CATALOGS = YES;
				MTL_ENABLE_DEBUG_INFO = NO;
				MTL_FAST_MATH = YES;
				SDKROOT = iphoneos;
				SWIFT_COMPILATION_MODE = wholemodule;
				VALIDATE_PRODUCT = YES;
			};
			name = Release;
		};
		0306120F2DF4BA4C0013F7AF /* Debug */ = {
			isa = XCBuildConfiguration;
			buildSettings = {
				ASSETCATALOG_COMPILER_APPICON_NAME = AppIcon;
				ASSETCATALOG_COMPILER_GLOBAL_ACCENT_COLOR_NAME = AccentColor;
				CODE_SIGN_STYLE = Automatic;
				CURRENT_PROJECT_VERSION = 1;
				DEVELOPMENT_TEAM = N693GNQH6J;
				ENABLE_PREVIEWS = YES;
				GENERATE_INFOPLIST_FILE = YES;
				INFOPLIST_KEY_UIApplicationSceneManifest_Generation = YES;
				INFOPLIST_KEY_UIApplicationSupportsIndirectInputEvents = YES;
				INFOPLIST_KEY_UILaunchScreen_Generation = YES;
				INFOPLIST_KEY_UISupportedInterfaceOrientations = UIInterfaceOrientationPortrait;
				IPHONEOS_DEPLOYMENT_TARGET = 17.4;
				LD_RUNPATH_SEARCH_PATHS = (
					"$(inherited)",
					"@executable_path/Frameworks",
				);
				MARKETING_VERSION = 1.0;
				PRODUCT_BUNDLE_IDENTIFIER = com.nicholasjeria.CineMate;
				PRODUCT_NAME = "$(TARGET_NAME)";
				SWIFT_EMIT_LOC_STRINGS = YES;
				SWIFT_VERSION = 5.0;
				TARGETED_DEVICE_FAMILY = "1,2";
			};
			name = Debug;
		};
		030612102DF4BA4C0013F7AF /* Release */ = {
			isa = XCBuildConfiguration;
			buildSettings = {
				ASSETCATALOG_COMPILER_APPICON_NAME = AppIcon;
				ASSETCATALOG_COMPILER_GLOBAL_ACCENT_COLOR_NAME = AccentColor;
				CODE_SIGN_STYLE = Automatic;
				CURRENT_PROJECT_VERSION = 1;
				DEVELOPMENT_TEAM = N693GNQH6J;
				ENABLE_PREVIEWS = YES;
				GENERATE_INFOPLIST_FILE = YES;
				INFOPLIST_KEY_UIApplicationSceneManifest_Generation = YES;
				INFOPLIST_KEY_UIApplicationSupportsIndirectInputEvents = YES;
				INFOPLIST_KEY_UILaunchScreen_Generation = YES;
				INFOPLIST_KEY_UISupportedInterfaceOrientations = UIInterfaceOrientationPortrait;
				IPHONEOS_DEPLOYMENT_TARGET = 17.4;
				LD_RUNPATH_SEARCH_PATHS = (
					"$(inherited)",
					"@executable_path/Frameworks",
				);
				MARKETING_VERSION = 1.0;
				PRODUCT_BUNDLE_IDENTIFIER = com.nicholasjeria.CineMate;
				PRODUCT_NAME = "$(TARGET_NAME)";
				SWIFT_EMIT_LOC_STRINGS = YES;
				SWIFT_VERSION = 5.0;
				TARGETED_DEVICE_FAMILY = "1,2";
			};
			name = Release;
		};
/* End XCBuildConfiguration section */

/* Begin XCConfigurationList section */
		030611FE2DF4BA4B0013F7AF /* Build configuration list for PBXProject "CineMate" */ = {
			isa = XCConfigurationList;
			buildConfigurations = (
				0306120C2DF4BA4C0013F7AF /* Debug */,
				0306120D2DF4BA4C0013F7AF /* Release */,
			);
			defaultConfigurationIsVisible = 0;
			defaultConfigurationName = Release;
		};
		0306120E2DF4BA4C0013F7AF /* Build configuration list for PBXNativeTarget "CineMate" */ = {
			isa = XCConfigurationList;
			buildConfigurations = (
				0306120F2DF4BA4C0013F7AF /* Debug */,
				030612102DF4BA4C0013F7AF /* Release */,
			);
			defaultConfigurationIsVisible = 0;
			defaultConfigurationName = Release;
		};
/* End XCConfigurationList section */
	};
	rootObject = 030611FB2DF4BA4B0013F7AF /* Project object */;
}
